
Microsoft Visual Studio Solution File, Format Version 12.00
# Visual Studio Version 16
VisualStudioVersion = 16.0.33328.57
MinimumVisualStudioVersion = 10.0.40219.1
Project("{8BC9CEB8-8B4A-11D0-8D11-00A0C91BC942}") = "FilterText_StaticLib", "FilterText\FilterText_StaticLib.vcxproj", "{7B721ABB-E28C-4030-A4C1-2D0FB8765845}"
EndProject
Project("{8BC9CEB8-8B4A-11D0-8D11-00A0C91BC942}") = "Common", "MultiServer\Common\Common.vcxproj", "{205E2786-8137-474D-9269-07626A2C17AD}"
EndProject
Project("{8BC9CEB8-8B4A-11D0-8D11-00A0C91BC942}") = "Core", "Core\Core.vcxproj", "{FAA43BF6-9459-4BA8-BFC0-ADA14D7D2496}"
EndProject
Project("{8BC9CEB8-8B4A-11D0-8D11-00A0C91BC942}") = "Engine", "Engine\Engine.vcxproj", "{A17BDD60-FED2-455F-8BB4-B5C5F9F8DD0A}"
EndProject
Project("{8BC9CEB8-8B4A-11D0-8D11-00A0C91BC942}") = "FilterText", "FilterText\FilterText.vcxproj", "{F2A43FD0-5B3C-48C1-A20A-0CF03992D2EA}"
EndProject
Project("{8BC9CEB8-8B4A-11D0-8D11-00A0C91BC942}") = "ExpandPackage", "ExpandPackage2.0\ExpandPackage.vcxproj", "{9E7BFC04-C107-4191-A6CE-8D6BB1753BD7}"
EndProject
Project("{8BC9CEB8-8B4A-11D0-8D11-00A0C91BC942}") = "Represent2", "Represent\Represent2\Represent2.vcxproj", "{F89198B9-21F3-46B5-BD35-19568F2C739D}"
EndProject
Project("{8BC9CEB8-8B4A-11D0-8D11-00A0C91BC942}") = "Represent3", "Represent\Represent3\Represent3.vcxproj", "{2086B0B0-5AB8-40B3-8BD8-44473668CEA2}"
EndProject
Project("{8BC9CEB8-8B4A-11D0-8D11-00A0C91BC942}") = "S3Client", "S3Client\S3Client.vcxproj", "{3AF8FEE5-115F-4751-AD06-E7A78F94EAAA}"
EndProject
Project("{8BC9CEB8-8B4A-11D0-8D11-00A0C91BC942}") = "Sword3PaySys", "Sword3PaySys\S3AccServer\Sword3PaySys.vcxproj", "{A5146950-C540-4AE3-8D24-85C8473F045E}"
EndProject
Project("{8BC9CEB8-8B4A-11D0-8D11-00A0C91BC942}") = "S3RelayServer", "Sword3PaySys\S3RELAYSERVER\S3RelayServer.vcxproj", "{7F3C8E50-C671-4CB0-908A-41DAEC7B2598}"
EndProject
Project("{8BC9CEB8-8B4A-11D0-8D11-00A0C91BC942}") = "Bishop", "MultiServer\Bishop\Bishop.vcxproj", "{F7B5CCD9-1505-4BCA-8C61-1426CE9B2357}"
EndProject
Project("{8BC9CEB8-8B4A-11D0-8D11-00A0C91BC942}") = "GameServer", "MultiServer\GameServer\GameServer.vcxproj", "{4375987C-2AC0-4292-A438-B978CFB60D77}"
EndProject
Project("{8BC9CEB8-8B4A-11D0-8D11-00A0C91BC942}") = "Goddess", "MultiServer\Goddess\Goddess.vcxproj", "{4BBC2079-A364-4D17-91E9-98F80E6BC113}"
EndProject
Project("{8BC9CEB8-8B4A-11D0-8D11-00A0C91BC942}") = "Heaven", "MultiServer\Heaven\Heaven.vcxproj", "{707BEE40-98D8-4728-B2CC-6961FA2167E0}"
EndProject
Project("{8BC9CEB8-8B4A-11D0-8D11-00A0C91BC942}") = "Rainbow", "MultiServer\Rainbow\Rainbow.vcxproj", "{D706D3D8-93D4-4498-BAF7-31F83A5F3CCA}"
EndProject
Project("{8BC9CEB8-8B4A-11D0-8D11-00A0C91BC942}") = "S3Relay", "MultiServer\S3Relay\S3Relay.vcxproj", "{D78730E4-1F73-4801-8758-ACD705B77E94}"
EndProject
Project("{8BC9CEB8-8B4A-11D0-8D11-00A0C91BC942}") = "LuaLibDll", "Library\LuaLib\LuaLibDll.vcxproj", "{33CD6325-201E-4A47-A011-7D60FDFB99D9}"
EndProject
Project("{8BC9CEB8-8B4A-11D0-8D11-00A0C91BC942}") = "ExpandPackageStaticLib", "ExpandPackageStaticLib\ExpandPackageStaticLib.vcxproj", "{4E7FDF6E-B104-40CD-9333-841536236218}"
EndProject
Global
	GlobalSection(SolutionConfigurationPlatforms) = preSolution
		Client Debug|x86 = Client Debug|x86
		Client Release|x86 = Client Release|x86
		Debug|x86 = Debug|x86
		OuRead Release|x86 = OuRead Release|x86
		OutRead Debug|x86 = OutRead Debug|x86
		Release|x86 = Release|x86
		Server Debug|x86 = Server Debug|x86
		Server Release|x86 = Server Release|x86
		Template|x86 = Template|x86
	EndGlobalSection
	GlobalSection(ProjectConfigurationPlatforms) = postSolution
		{7B721ABB-E28C-4030-A4C1-2D0FB8765845}.Client Debug|x86.ActiveCfg = Debug|Win32
		{7B721ABB-E28C-4030-A4C1-2D0FB8765845}.Client Debug|x86.Build.0 = Debug|Win32
		{7B721ABB-E28C-4030-A4C1-2D0FB8765845}.Client Release|x86.ActiveCfg = Release|Win32
		{7B721ABB-E28C-4030-A4C1-2D0FB8765845}.Client Release|x86.Build.0 = Release|Win32
		{7B721ABB-E28C-4030-A4C1-2D0FB8765845}.Debug|x86.ActiveCfg = Debug|Win32
		{7B721ABB-E28C-4030-A4C1-2D0FB8765845}.Debug|x86.Build.0 = Debug|Win32
		{7B721ABB-E28C-4030-A4C1-2D0FB8765845}.OuRead Release|x86.ActiveCfg = Release|Win32
		{7B721ABB-E28C-4030-A4C1-2D0FB8765845}.OuRead Release|x86.Build.0 = Release|Win32
		{7B721ABB-E28C-4030-A4C1-2D0FB8765845}.OutRead Debug|x86.ActiveCfg = Debug|Win32
		{7B721ABB-E28C-4030-A4C1-2D0FB8765845}.OutRead Debug|x86.Build.0 = Debug|Win32
		{7B721ABB-E28C-4030-A4C1-2D0FB8765845}.Release|x86.ActiveCfg = Release|Win32
		{7B721ABB-E28C-4030-A4C1-2D0FB8765845}.Release|x86.Build.0 = Release|Win32
		{7B721ABB-E28C-4030-A4C1-2D0FB8765845}.Server Debug|x86.ActiveCfg = Debug|Win32
		{7B721ABB-E28C-4030-A4C1-2D0FB8765845}.Server Debug|x86.Build.0 = Debug|Win32
		{7B721ABB-E28C-4030-A4C1-2D0FB8765845}.Server Release|x86.ActiveCfg = Release|Win32
		{7B721ABB-E28C-4030-A4C1-2D0FB8765845}.Server Release|x86.Build.0 = Release|Win32
		{7B721ABB-E28C-4030-A4C1-2D0FB8765845}.Template|x86.ActiveCfg = Debug|Win32
		{7B721ABB-E28C-4030-A4C1-2D0FB8765845}.Template|x86.Build.0 = Debug|Win32
		{205E2786-8137-474D-9269-07626A2C17AD}.Client Debug|x86.ActiveCfg = Debug|Win32
		{205E2786-8137-474D-9269-07626A2C17AD}.Client Debug|x86.Build.0 = Debug|Win32
		{205E2786-8137-474D-9269-07626A2C17AD}.Client Release|x86.ActiveCfg = Release|Win32
		{205E2786-8137-474D-9269-07626A2C17AD}.Client Release|x86.Build.0 = Release|Win32
		{205E2786-8137-474D-9269-07626A2C17AD}.Debug|x86.ActiveCfg = Debug|Win32
		{205E2786-8137-474D-9269-07626A2C17AD}.Debug|x86.Build.0 = Debug|Win32
		{205E2786-8137-474D-9269-07626A2C17AD}.OuRead Release|x86.ActiveCfg = Release|Win32
		{205E2786-8137-474D-9269-07626A2C17AD}.OuRead Release|x86.Build.0 = Release|Win32
		{205E2786-8137-474D-9269-07626A2C17AD}.OutRead Debug|x86.ActiveCfg = Debug|Win32
		{205E2786-8137-474D-9269-07626A2C17AD}.OutRead Debug|x86.Build.0 = Debug|Win32
		{205E2786-8137-474D-9269-07626A2C17AD}.Release|x86.ActiveCfg = Release|Win32
		{205E2786-8137-474D-9269-07626A2C17AD}.Release|x86.Build.0 = Release|Win32
		{205E2786-8137-474D-9269-07626A2C17AD}.Server Debug|x86.ActiveCfg = Debug|Win32
		{205E2786-8137-474D-9269-07626A2C17AD}.Server Debug|x86.Build.0 = Debug|Win32
		{205E2786-8137-474D-9269-07626A2C17AD}.Server Release|x86.ActiveCfg = Release|Win32
		{205E2786-8137-474D-9269-07626A2C17AD}.Server Release|x86.Build.0 = Release|Win32
		{205E2786-8137-474D-9269-07626A2C17AD}.Template|x86.ActiveCfg = Template|Win32
		{205E2786-8137-474D-9269-07626A2C17AD}.Template|x86.Build.0 = Template|Win32
		{FAA43BF6-9459-4BA8-BFC0-ADA14D7D2496}.Client Debug|x86.ActiveCfg = Client Debug|Win32
		{FAA43BF6-9459-4BA8-BFC0-ADA14D7D2496}.Client Debug|x86.Build.0 = Client Debug|Win32
		{FAA43BF6-9459-4BA8-BFC0-ADA14D7D2496}.Client Release|x86.ActiveCfg = Client Release|Win32
		{FAA43BF6-9459-4BA8-BFC0-ADA14D7D2496}.Client Release|x86.Build.0 = Client Release|Win32
		{FAA43BF6-9459-4BA8-BFC0-ADA14D7D2496}.Debug|x86.ActiveCfg = Client Debug|Win32
		{FAA43BF6-9459-4BA8-BFC0-ADA14D7D2496}.Debug|x86.Build.0 = Client Debug|Win32
		{FAA43BF6-9459-4BA8-BFC0-ADA14D7D2496}.OuRead Release|x86.ActiveCfg = Client Debug|Win32
		{FAA43BF6-9459-4BA8-BFC0-ADA14D7D2496}.OuRead Release|x86.Build.0 = Client Debug|Win32
		{FAA43BF6-9459-4BA8-BFC0-ADA14D7D2496}.OutRead Debug|x86.ActiveCfg = Client Debug|Win32
		{FAA43BF6-9459-4BA8-BFC0-ADA14D7D2496}.OutRead Debug|x86.Build.0 = Client Debug|Win32
		{FAA43BF6-9459-4BA8-BFC0-ADA14D7D2496}.Release|x86.ActiveCfg = Client Release|Win32
		{FAA43BF6-9459-4BA8-BFC0-ADA14D7D2496}.Release|x86.Build.0 = Client Release|Win32
		{FAA43BF6-9459-4BA8-BFC0-ADA14D7D2496}.Server Debug|x86.ActiveCfg = Server Debug|Win32
		{FAA43BF6-9459-4BA8-BFC0-ADA14D7D2496}.Server Debug|x86.Build.0 = Server Debug|Win32
		{FAA43BF6-9459-4BA8-BFC0-ADA14D7D2496}.Server Release|x86.ActiveCfg = Server Release|Win32
		{FAA43BF6-9459-4BA8-BFC0-ADA14D7D2496}.Server Release|x86.Build.0 = Server Release|Win32
		{FAA43BF6-9459-4BA8-BFC0-ADA14D7D2496}.Template|x86.ActiveCfg = Template|Win32
		{FAA43BF6-9459-4BA8-BFC0-ADA14D7D2496}.Template|x86.Build.0 = Template|Win32
		{A17BDD60-FED2-455F-8BB4-B5C5F9F8DD0A}.Client Debug|x86.ActiveCfg = Debug|Win32
		{A17BDD60-FED2-455F-8BB4-B5C5F9F8DD0A}.Client Debug|x86.Build.0 = Debug|Win32
		{A17BDD60-FED2-455F-8BB4-B5C5F9F8DD0A}.Client Release|x86.ActiveCfg = Release|Win32
		{A17BDD60-FED2-455F-8BB4-B5C5F9F8DD0A}.Client Release|x86.Build.0 = Release|Win32
		{A17BDD60-FED2-455F-8BB4-B5C5F9F8DD0A}.Debug|x86.ActiveCfg = Debug|Win32
		{A17BDD60-FED2-455F-8BB4-B5C5F9F8DD0A}.Debug|x86.Build.0 = Debug|Win32
		{A17BDD60-FED2-455F-8BB4-B5C5F9F8DD0A}.OuRead Release|x86.ActiveCfg = OuRead Release|Win32
		{A17BDD60-FED2-455F-8BB4-B5C5F9F8DD0A}.OuRead Release|x86.Build.0 = OuRead Release|Win32
		{A17BDD60-FED2-455F-8BB4-B5C5F9F8DD0A}.OutRead Debug|x86.ActiveCfg = OutRead Debug|Win32
		{A17BDD60-FED2-455F-8BB4-B5C5F9F8DD0A}.OutRead Debug|x86.Build.0 = OutRead Debug|Win32
		{A17BDD60-FED2-455F-8BB4-B5C5F9F8DD0A}.Release|x86.ActiveCfg = Release|Win32
		{A17BDD60-FED2-455F-8BB4-B5C5F9F8DD0A}.Release|x86.Build.0 = Release|Win32
		{A17BDD60-FED2-455F-8BB4-B5C5F9F8DD0A}.Server Debug|x86.ActiveCfg = Debug|Win32
		{A17BDD60-FED2-455F-8BB4-B5C5F9F8DD0A}.Server Debug|x86.Build.0 = Debug|Win32
		{A17BDD60-FED2-455F-8BB4-B5C5F9F8DD0A}.Server Release|x86.ActiveCfg = Release|Win32
		{A17BDD60-FED2-455F-8BB4-B5C5F9F8DD0A}.Server Release|x86.Build.0 = Release|Win32
		{A17BDD60-FED2-455F-8BB4-B5C5F9F8DD0A}.Template|x86.ActiveCfg = Template|Win32
		{A17BDD60-FED2-455F-8BB4-B5C5F9F8DD0A}.Template|x86.Build.0 = Template|Win32
		{F2A43FD0-5B3C-48C1-A20A-0CF03992D2EA}.Client Debug|x86.ActiveCfg = Debug|Win32
		{F2A43FD0-5B3C-48C1-A20A-0CF03992D2EA}.Client Debug|x86.Build.0 = Debug|Win32
		{F2A43FD0-5B3C-48C1-A20A-0CF03992D2EA}.Client Release|x86.ActiveCfg = Release|Win32
		{F2A43FD0-5B3C-48C1-A20A-0CF03992D2EA}.Client Release|x86.Build.0 = Release|Win32
		{F2A43FD0-5B3C-48C1-A20A-0CF03992D2EA}.Debug|x86.ActiveCfg = Debug|Win32
		{F2A43FD0-5B3C-48C1-A20A-0CF03992D2EA}.Debug|x86.Build.0 = Debug|Win32
		{F2A43FD0-5B3C-48C1-A20A-0CF03992D2EA}.OuRead Release|x86.ActiveCfg = Release|Win32
		{F2A43FD0-5B3C-48C1-A20A-0CF03992D2EA}.OuRead Release|x86.Build.0 = Release|Win32
		{F2A43FD0-5B3C-48C1-A20A-0CF03992D2EA}.OutRead Debug|x86.ActiveCfg = Debug|Win32
		{F2A43FD0-5B3C-48C1-A20A-0CF03992D2EA}.OutRead Debug|x86.Build.0 = Debug|Win32
		{F2A43FD0-5B3C-48C1-A20A-0CF03992D2EA}.Release|x86.ActiveCfg = Release|Win32
		{F2A43FD0-5B3C-48C1-A20A-0CF03992D2EA}.Release|x86.Build.0 = Release|Win32
		{F2A43FD0-5B3C-48C1-A20A-0CF03992D2EA}.Server Debug|x86.ActiveCfg = Debug|Win32
		{F2A43FD0-5B3C-48C1-A20A-0CF03992D2EA}.Server Debug|x86.Build.0 = Debug|Win32
		{F2A43FD0-5B3C-48C1-A20A-0CF03992D2EA}.Server Release|x86.ActiveCfg = Release|Win32
		{F2A43FD0-5B3C-48C1-A20A-0CF03992D2EA}.Server Release|x86.Build.0 = Release|Win32
		{F2A43FD0-5B3C-48C1-A20A-0CF03992D2EA}.Template|x86.ActiveCfg = Template|Win32
		{F2A43FD0-5B3C-48C1-A20A-0CF03992D2EA}.Template|x86.Build.0 = Template|Win32
		{9E7BFC04-C107-4191-A6CE-8D6BB1753BD7}.Client Debug|x86.ActiveCfg = Debug|Win32
		{9E7BFC04-C107-4191-A6CE-8D6BB1753BD7}.Client Debug|x86.Build.0 = Debug|Win32
		{9E7BFC04-C107-4191-A6CE-8D6BB1753BD7}.Client Release|x86.ActiveCfg = Release|Win32
		{9E7BFC04-C107-4191-A6CE-8D6BB1753BD7}.Client Release|x86.Build.0 = Release|Win32
		{9E7BFC04-C107-4191-A6CE-8D6BB1753BD7}.Debug|x86.ActiveCfg = Debug|Win32
		{9E7BFC04-C107-4191-A6CE-8D6BB1753BD7}.Debug|x86.Build.0 = Debug|Win32
		{9E7BFC04-C107-4191-A6CE-8D6BB1753BD7}.OuRead Release|x86.ActiveCfg = Release|Win32
		{9E7BFC04-C107-4191-A6CE-8D6BB1753BD7}.OuRead Release|x86.Build.0 = Release|Win32
		{9E7BFC04-C107-4191-A6CE-8D6BB1753BD7}.OutRead Debug|x86.ActiveCfg = Debug|Win32
		{9E7BFC04-C107-4191-A6CE-8D6BB1753BD7}.OutRead Debug|x86.Build.0 = Debug|Win32
		{9E7BFC04-C107-4191-A6CE-8D6BB1753BD7}.Release|x86.ActiveCfg = Release|Win32
		{9E7BFC04-C107-4191-A6CE-8D6BB1753BD7}.Release|x86.Build.0 = Release|Win32
		{9E7BFC04-C107-4191-A6CE-8D6BB1753BD7}.Server Debug|x86.ActiveCfg = Debug|Win32
		{9E7BFC04-C107-4191-A6CE-8D6BB1753BD7}.Server Debug|x86.Build.0 = Debug|Win32
		{9E7BFC04-C107-4191-A6CE-8D6BB1753BD7}.Server Release|x86.ActiveCfg = Release|Win32
		{9E7BFC04-C107-4191-A6CE-8D6BB1753BD7}.Server Release|x86.Build.0 = Release|Win32
		{9E7BFC04-C107-4191-A6CE-8D6BB1753BD7}.Template|x86.ActiveCfg = Template|Win32
		{9E7BFC04-C107-4191-A6CE-8D6BB1753BD7}.Template|x86.Build.0 = Template|Win32
		{F89198B9-21F3-46B5-BD35-19568F2C739D}.Client Debug|x86.ActiveCfg = Debug|Win32
		{F89198B9-21F3-46B5-BD35-19568F2C739D}.Client Debug|x86.Build.0 = Debug|Win32
		{F89198B9-21F3-46B5-BD35-19568F2C739D}.Client Release|x86.ActiveCfg = Release|Win32
		{F89198B9-21F3-46B5-BD35-19568F2C739D}.Client Release|x86.Build.0 = Release|Win32
		{F89198B9-21F3-46B5-BD35-19568F2C739D}.Debug|x86.ActiveCfg = Debug|Win32
		{F89198B9-21F3-46B5-BD35-19568F2C739D}.Debug|x86.Build.0 = Debug|Win32
		{F89198B9-21F3-46B5-BD35-19568F2C739D}.OuRead Release|x86.ActiveCfg = Release|Win32
		{F89198B9-21F3-46B5-BD35-19568F2C739D}.OuRead Release|x86.Build.0 = Release|Win32
		{F89198B9-21F3-46B5-BD35-19568F2C739D}.OutRead Debug|x86.ActiveCfg = Debug|Win32
		{F89198B9-21F3-46B5-BD35-19568F2C739D}.OutRead Debug|x86.Build.0 = Debug|Win32
		{F89198B9-21F3-46B5-BD35-19568F2C739D}.Release|x86.ActiveCfg = Release|Win32
		{F89198B9-21F3-46B5-BD35-19568F2C739D}.Release|x86.Build.0 = Release|Win32
		{F89198B9-21F3-46B5-BD35-19568F2C739D}.Server Debug|x86.ActiveCfg = Debug|Win32
		{F89198B9-21F3-46B5-BD35-19568F2C739D}.Server Debug|x86.Build.0 = Debug|Win32
		{F89198B9-21F3-46B5-BD35-19568F2C739D}.Server Release|x86.ActiveCfg = Release|Win32
		{F89198B9-21F3-46B5-BD35-19568F2C739D}.Server Release|x86.Build.0 = Release|Win32
		{F89198B9-21F3-46B5-BD35-19568F2C739D}.Template|x86.ActiveCfg = Template|Win32
		{F89198B9-21F3-46B5-BD35-19568F2C739D}.Template|x86.Build.0 = Template|Win32
		{2086B0B0-5AB8-40B3-8BD8-44473668CEA2}.Client Debug|x86.ActiveCfg = Debug|Win32
		{2086B0B0-5AB8-40B3-8BD8-44473668CEA2}.Client Debug|x86.Build.0 = Debug|Win32
		{2086B0B0-5AB8-40B3-8BD8-44473668CEA2}.Client Release|x86.ActiveCfg = Release|Win32
		{2086B0B0-5AB8-40B3-8BD8-44473668CEA2}.Client Release|x86.Build.0 = Release|Win32
		{2086B0B0-5AB8-40B3-8BD8-44473668CEA2}.Debug|x86.ActiveCfg = Debug|Win32
		{2086B0B0-5AB8-40B3-8BD8-44473668CEA2}.Debug|x86.Build.0 = Debug|Win32
		{2086B0B0-5AB8-40B3-8BD8-44473668CEA2}.OuRead Release|x86.ActiveCfg = Release|Win32
		{2086B0B0-5AB8-40B3-8BD8-44473668CEA2}.OuRead Release|x86.Build.0 = Release|Win32
		{2086B0B0-5AB8-40B3-8BD8-44473668CEA2}.OutRead Debug|x86.ActiveCfg = Debug|Win32
		{2086B0B0-5AB8-40B3-8BD8-44473668CEA2}.OutRead Debug|x86.Build.0 = Debug|Win32
		{2086B0B0-5AB8-40B3-8BD8-44473668CEA2}.Release|x86.ActiveCfg = Release|Win32
		{2086B0B0-5AB8-40B3-8BD8-44473668CEA2}.Release|x86.Build.0 = Release|Win32
		{2086B0B0-5AB8-40B3-8BD8-44473668CEA2}.Server Debug|x86.ActiveCfg = Debug|Win32
		{2086B0B0-5AB8-40B3-8BD8-44473668CEA2}.Server Debug|x86.Build.0 = Debug|Win32
		{2086B0B0-5AB8-40B3-8BD8-44473668CEA2}.Server Release|x86.ActiveCfg = Release|Win32
		{2086B0B0-5AB8-40B3-8BD8-44473668CEA2}.Server Release|x86.Build.0 = Release|Win32
		{2086B0B0-5AB8-40B3-8BD8-44473668CEA2}.Template|x86.ActiveCfg = Template|Win32
		{2086B0B0-5AB8-40B3-8BD8-44473668CEA2}.Template|x86.Build.0 = Template|Win32
		{3AF8FEE5-115F-4751-AD06-E7A78F94EAAA}.Client Debug|x86.ActiveCfg = Debug|Win32
		{3AF8FEE5-115F-4751-AD06-E7A78F94EAAA}.Client Debug|x86.Build.0 = Debug|Win32
		{3AF8FEE5-115F-4751-AD06-E7A78F94EAAA}.Client Release|x86.ActiveCfg = Release|Win32
		{3AF8FEE5-115F-4751-AD06-E7A78F94EAAA}.Client Release|x86.Build.0 = Release|Win32
		{3AF8FEE5-115F-4751-AD06-E7A78F94EAAA}.Debug|x86.ActiveCfg = Debug|Win32
		{3AF8FEE5-115F-4751-AD06-E7A78F94EAAA}.Debug|x86.Build.0 = Debug|Win32
		{3AF8FEE5-115F-4751-AD06-E7A78F94EAAA}.OuRead Release|x86.ActiveCfg = Release|Win32
		{3AF8FEE5-115F-4751-AD06-E7A78F94EAAA}.OuRead Release|x86.Build.0 = Release|Win32
		{3AF8FEE5-115F-4751-AD06-E7A78F94EAAA}.OutRead Debug|x86.ActiveCfg = Debug|Win32
		{3AF8FEE5-115F-4751-AD06-E7A78F94EAAA}.OutRead Debug|x86.Build.0 = Debug|Win32
		{3AF8FEE5-115F-4751-AD06-E7A78F94EAAA}.Release|x86.ActiveCfg = Release|Win32
		{3AF8FEE5-115F-4751-AD06-E7A78F94EAAA}.Release|x86.Build.0 = Release|Win32
		{3AF8FEE5-115F-4751-AD06-E7A78F94EAAA}.Server Debug|x86.ActiveCfg = Debug|Win32
		{3AF8FEE5-115F-4751-AD06-E7A78F94EAAA}.Server Debug|x86.Build.0 = Debug|Win32
		{3AF8FEE5-115F-4751-AD06-E7A78F94EAAA}.Server Release|x86.ActiveCfg = Release|Win32
		{3AF8FEE5-115F-4751-AD06-E7A78F94EAAA}.Server Release|x86.Build.0 = Release|Win32
		{3AF8FEE5-115F-4751-AD06-E7A78F94EAAA}.Template|x86.ActiveCfg = Template|Win32
		{3AF8FEE5-115F-4751-AD06-E7A78F94EAAA}.Template|x86.Build.0 = Template|Win32
		{A5146950-C540-4AE3-8D24-85C8473F045E}.Client Debug|x86.ActiveCfg = Debug|Win32
		{A5146950-C540-4AE3-8D24-85C8473F045E}.Client Debug|x86.Build.0 = Debug|Win32
		{A5146950-C540-4AE3-8D24-85C8473F045E}.Client Release|x86.ActiveCfg = Release|Win32
		{A5146950-C540-4AE3-8D24-85C8473F045E}.Client Release|x86.Build.0 = Release|Win32
		{A5146950-C540-4AE3-8D24-85C8473F045E}.Debug|x86.ActiveCfg = Debug|Win32
		{A5146950-C540-4AE3-8D24-85C8473F045E}.Debug|x86.Build.0 = Debug|Win32
		{A5146950-C540-4AE3-8D24-85C8473F045E}.OuRead Release|x86.ActiveCfg = Release|Win32
		{A5146950-C540-4AE3-8D24-85C8473F045E}.OuRead Release|x86.Build.0 = Release|Win32
		{A5146950-C540-4AE3-8D24-85C8473F045E}.OutRead Debug|x86.ActiveCfg = Debug|Win32
		{A5146950-C540-4AE3-8D24-85C8473F045E}.OutRead Debug|x86.Build.0 = Debug|Win32
		{A5146950-C540-4AE3-8D24-85C8473F045E}.Release|x86.ActiveCfg = Release|Win32
		{A5146950-C540-4AE3-8D24-85C8473F045E}.Release|x86.Build.0 = Release|Win32
		{A5146950-C540-4AE3-8D24-85C8473F045E}.Server Debug|x86.ActiveCfg = Debug|Win32
		{A5146950-C540-4AE3-8D24-85C8473F045E}.Server Debug|x86.Build.0 = Debug|Win32
		{A5146950-C540-4AE3-8D24-85C8473F045E}.Server Release|x86.ActiveCfg = Release|Win32
		{A5146950-C540-4AE3-8D24-85C8473F045E}.Server Release|x86.Build.0 = Release|Win32
		{A5146950-C540-4AE3-8D24-85C8473F045E}.Template|x86.ActiveCfg = Template|Win32
		{A5146950-C540-4AE3-8D24-85C8473F045E}.Template|x86.Build.0 = Template|Win32
		{7F3C8E50-C671-4CB0-908A-41DAEC7B2598}.Client Debug|x86.ActiveCfg = Debug|Win32
		{7F3C8E50-C671-4CB0-908A-41DAEC7B2598}.Client Debug|x86.Build.0 = Debug|Win32
		{7F3C8E50-C671-4CB0-908A-41DAEC7B2598}.Client Release|x86.ActiveCfg = Release|Win32
		{7F3C8E50-C671-4CB0-908A-41DAEC7B2598}.Client Release|x86.Build.0 = Release|Win32
		{7F3C8E50-C671-4CB0-908A-41DAEC7B2598}.Debug|x86.ActiveCfg = Debug|Win32
		{7F3C8E50-C671-4CB0-908A-41DAEC7B2598}.Debug|x86.Build.0 = Debug|Win32
		{7F3C8E50-C671-4CB0-908A-41DAEC7B2598}.OuRead Release|x86.ActiveCfg = Release|Win32
		{7F3C8E50-C671-4CB0-908A-41DAEC7B2598}.OuRead Release|x86.Build.0 = Release|Win32
		{7F3C8E50-C671-4CB0-908A-41DAEC7B2598}.OutRead Debug|x86.ActiveCfg = Debug|Win32
		{7F3C8E50-C671-4CB0-908A-41DAEC7B2598}.OutRead Debug|x86.Build.0 = Debug|Win32
		{7F3C8E50-C671-4CB0-908A-41DAEC7B2598}.Release|x86.ActiveCfg = Release|Win32
		{7F3C8E50-C671-4CB0-908A-41DAEC7B2598}.Release|x86.Build.0 = Release|Win32
		{7F3C8E50-C671-4CB0-908A-41DAEC7B2598}.Server Debug|x86.ActiveCfg = Debug|Win32
		{7F3C8E50-C671-4CB0-908A-41DAEC7B2598}.Server Debug|x86.Build.0 = Debug|Win32
		{7F3C8E50-C671-4CB0-908A-41DAEC7B2598}.Server Release|x86.ActiveCfg = Release|Win32
		{7F3C8E50-C671-4CB0-908A-41DAEC7B2598}.Server Release|x86.Build.0 = Release|Win32
		{7F3C8E50-C671-4CB0-908A-41DAEC7B2598}.Template|x86.ActiveCfg = Template|Win32
		{7F3C8E50-C671-4CB0-908A-41DAEC7B2598}.Template|x86.Build.0 = Template|Win32
		{F7B5CCD9-1505-4BCA-8C61-1426CE9B2357}.Client Debug|x86.ActiveCfg = Debug|Win32
		{F7B5CCD9-1505-4BCA-8C61-1426CE9B2357}.Client Debug|x86.Build.0 = Debug|Win32
		{F7B5CCD9-1505-4BCA-8C61-1426CE9B2357}.Client Release|x86.ActiveCfg = Release|Win32
		{F7B5CCD9-1505-4BCA-8C61-1426CE9B2357}.Client Release|x86.Build.0 = Release|Win32
		{F7B5CCD9-1505-4BCA-8C61-1426CE9B2357}.Debug|x86.ActiveCfg = Debug|Win32
		{F7B5CCD9-1505-4BCA-8C61-1426CE9B2357}.Debug|x86.Build.0 = Debug|Win32
		{F7B5CCD9-1505-4BCA-8C61-1426CE9B2357}.OuRead Release|x86.ActiveCfg = Release|Win32
		{F7B5CCD9-1505-4BCA-8C61-1426CE9B2357}.OuRead Release|x86.Build.0 = Release|Win32
		{F7B5CCD9-1505-4BCA-8C61-1426CE9B2357}.OutRead Debug|x86.ActiveCfg = Debug|Win32
		{F7B5CCD9-1505-4BCA-8C61-1426CE9B2357}.OutRead Debug|x86.Build.0 = Debug|Win32
		{F7B5CCD9-1505-4BCA-8C61-1426CE9B2357}.Release|x86.ActiveCfg = Release|Win32
		{F7B5CCD9-1505-4BCA-8C61-1426CE9B2357}.Release|x86.Build.0 = Release|Win32
		{F7B5CCD9-1505-4BCA-8C61-1426CE9B2357}.Server Debug|x86.ActiveCfg = Debug|Win32
		{F7B5CCD9-1505-4BCA-8C61-1426CE9B2357}.Server Debug|x86.Build.0 = Debug|Win32
		{F7B5CCD9-1505-4BCA-8C61-1426CE9B2357}.Server Release|x86.ActiveCfg = Release|Win32
		{F7B5CCD9-1505-4BCA-8C61-1426CE9B2357}.Server Release|x86.Build.0 = Release|Win32
		{F7B5CCD9-1505-4BCA-8C61-1426CE9B2357}.Template|x86.ActiveCfg = Template|Win32
		{F7B5CCD9-1505-4BCA-8C61-1426CE9B2357}.Template|x86.Build.0 = Template|Win32
		{4375987C-2AC0-4292-A438-B978CFB60D77}.Client Debug|x86.ActiveCfg = Debug|Win32
		{4375987C-2AC0-4292-A438-B978CFB60D77}.Client Debug|x86.Build.0 = Debug|Win32
		{4375987C-2AC0-4292-A438-B978CFB60D77}.Client Release|x86.ActiveCfg = Release|Win32
		{4375987C-2AC0-4292-A438-B978CFB60D77}.Client Release|x86.Build.0 = Release|Win32
		{4375987C-2AC0-4292-A438-B978CFB60D77}.Debug|x86.ActiveCfg = Debug|Win32
		{4375987C-2AC0-4292-A438-B978CFB60D77}.Debug|x86.Build.0 = Debug|Win32
		{4375987C-2AC0-4292-A438-B978CFB60D77}.OuRead Release|x86.ActiveCfg = Release|Win32
		{4375987C-2AC0-4292-A438-B978CFB60D77}.OuRead Release|x86.Build.0 = Release|Win32
		{4375987C-2AC0-4292-A438-B978CFB60D77}.OutRead Debug|x86.ActiveCfg = Debug|Win32
		{4375987C-2AC0-4292-A438-B978CFB60D77}.OutRead Debug|x86.Build.0 = Debug|Win32
		{4375987C-2AC0-4292-A438-B978CFB60D77}.Release|x86.ActiveCfg = Release|Win32
		{4375987C-2AC0-4292-A438-B978CFB60D77}.Release|x86.Build.0 = Release|Win32
		{4375987C-2AC0-4292-A438-B978CFB60D77}.Server Debug|x86.ActiveCfg = Debug|Win32
		{4375987C-2AC0-4292-A438-B978CFB60D77}.Server Debug|x86.Build.0 = Debug|Win32
		{4375987C-2AC0-4292-A438-B978CFB60D77}.Server Release|x86.ActiveCfg = Release|Win32
		{4375987C-2AC0-4292-A438-B978CFB60D77}.Server Release|x86.Build.0 = Release|Win32
		{4375987C-2AC0-4292-A438-B978CFB60D77}.Template|x86.ActiveCfg = Template|Win32
		{4375987C-2AC0-4292-A438-B978CFB60D77}.Template|x86.Build.0 = Template|Win32
		{4BBC2079-A364-4D17-91E9-98F80E6BC113}.Client Debug|x86.ActiveCfg = Debug|Win32
		{4BBC2079-A364-4D17-91E9-98F80E6BC113}.Client Debug|x86.Build.0 = Debug|Win32
		{4BBC2079-A364-4D17-91E9-98F80E6BC113}.Client Release|x86.ActiveCfg = Release|Win32
		{4BBC2079-A364-4D17-91E9-98F80E6BC113}.Client Release|x86.Build.0 = Release|Win32
		{4BBC2079-A364-4D17-91E9-98F80E6BC113}.Debug|x86.ActiveCfg = Debug|Win32
		{4BBC2079-A364-4D17-91E9-98F80E6BC113}.Debug|x86.Build.0 = Debug|Win32
		{4BBC2079-A364-4D17-91E9-98F80E6BC113}.OuRead Release|x86.ActiveCfg = Release|Win32
		{4BBC2079-A364-4D17-91E9-98F80E6BC113}.OuRead Release|x86.Build.0 = Release|Win32
		{4BBC2079-A364-4D17-91E9-98F80E6BC113}.OutRead Debug|x86.ActiveCfg = Debug|Win32
		{4BBC2079-A364-4D17-91E9-98F80E6BC113}.OutRead Debug|x86.Build.0 = Debug|Win32
		{4BBC2079-A364-4D17-91E9-98F80E6BC113}.Release|x86.ActiveCfg = Release|Win32
		{4BBC2079-A364-4D17-91E9-98F80E6BC113}.Release|x86.Build.0 = Release|Win32
		{4BBC2079-A364-4D17-91E9-98F80E6BC113}.Server Debug|x86.ActiveCfg = Debug|Win32
		{4BBC2079-A364-4D17-91E9-98F80E6BC113}.Server Debug|x86.Build.0 = Debug|Win32
		{4BBC2079-A364-4D17-91E9-98F80E6BC113}.Server Release|x86.ActiveCfg = Release|Win32
		{4BBC2079-A364-4D17-91E9-98F80E6BC113}.Server Release|x86.Build.0 = Release|Win32
		{4BBC2079-A364-4D17-91E9-98F80E6BC113}.Template|x86.ActiveCfg = Template|Win32
		{4BBC2079-A364-4D17-91E9-98F80E6BC113}.Template|x86.Build.0 = Template|Win32
		{707BEE40-98D8-4728-B2CC-6961FA2167E0}.Client Debug|x86.ActiveCfg = Debug|Win32
		{707BEE40-98D8-4728-B2CC-6961FA2167E0}.Client Debug|x86.Build.0 = Debug|Win32
		{707BEE40-98D8-4728-B2CC-6961FA2167E0}.Client Release|x86.ActiveCfg = Release|Win32
		{707BEE40-98D8-4728-B2CC-6961FA2167E0}.Client Release|x86.Build.0 = Release|Win32
		{707BEE40-98D8-4728-B2CC-6961FA2167E0}.Debug|x86.ActiveCfg = Debug|Win32
		{707BEE40-98D8-4728-B2CC-6961FA2167E0}.Debug|x86.Build.0 = Debug|Win32
		{707BEE40-98D8-4728-B2CC-6961FA2167E0}.OuRead Release|x86.ActiveCfg = Release|Win32
		{707BEE40-98D8-4728-B2CC-6961FA2167E0}.OuRead Release|x86.Build.0 = Release|Win32
		{707BEE40-98D8-4728-B2CC-6961FA2167E0}.OutRead Debug|x86.ActiveCfg = Debug|Win32
		{707BEE40-98D8-4728-B2CC-6961FA2167E0}.OutRead Debug|x86.Build.0 = Debug|Win32
		{707BEE40-98D8-4728-B2CC-6961FA2167E0}.Release|x86.ActiveCfg = Release|Win32
		{707BEE40-98D8-4728-B2CC-6961FA2167E0}.Release|x86.Build.0 = Release|Win32
		{707BEE40-98D8-4728-B2CC-6961FA2167E0}.Server Debug|x86.ActiveCfg = Debug|Win32
		{707BEE40-98D8-4728-B2CC-6961FA2167E0}.Server Debug|x86.Build.0 = Debug|Win32
		{707BEE40-98D8-4728-B2CC-6961FA2167E0}.Server Release|x86.ActiveCfg = Release|Win32
		{707BEE40-98D8-4728-B2CC-6961FA2167E0}.Server Release|x86.Build.0 = Release|Win32
		{707BEE40-98D8-4728-B2CC-6961FA2167E0}.Template|x86.ActiveCfg = Template|Win32
		{707BEE40-98D8-4728-B2CC-6961FA2167E0}.Template|x86.Build.0 = Template|Win32
		{D706D3D8-93D4-4498-BAF7-31F83A5F3CCA}.Client Debug|x86.ActiveCfg = Debug|Win32
		{D706D3D8-93D4-4498-BAF7-31F83A5F3CCA}.Client Debug|x86.Build.0 = Debug|Win32
		{D706D3D8-93D4-4498-BAF7-31F83A5F3CCA}.Client Release|x86.ActiveCfg = Release|Win32
		{D706D3D8-93D4-4498-BAF7-31F83A5F3CCA}.Client Release|x86.Build.0 = Release|Win32
		{D706D3D8-93D4-4498-BAF7-31F83A5F3CCA}.Debug|x86.ActiveCfg = Debug|Win32
		{D706D3D8-93D4-4498-BAF7-31F83A5F3CCA}.Debug|x86.Build.0 = Debug|Win32
		{D706D3D8-93D4-4498-BAF7-31F83A5F3CCA}.OuRead Release|x86.ActiveCfg = Release|Win32
		{D706D3D8-93D4-4498-BAF7-31F83A5F3CCA}.OuRead Release|x86.Build.0 = Release|Win32
		{D706D3D8-93D4-4498-BAF7-31F83A5F3CCA}.OutRead Debug|x86.ActiveCfg = Debug|Win32
		{D706D3D8-93D4-4498-BAF7-31F83A5F3CCA}.OutRead Debug|x86.Build.0 = Debug|Win32
		{D706D3D8-93D4-4498-BAF7-31F83A5F3CCA}.Release|x86.ActiveCfg = Release|Win32
		{D706D3D8-93D4-4498-BAF7-31F83A5F3CCA}.Release|x86.Build.0 = Release|Win32
		{D706D3D8-93D4-4498-BAF7-31F83A5F3CCA}.Server Debug|x86.ActiveCfg = Debug|Win32
		{D706D3D8-93D4-4498-BAF7-31F83A5F3CCA}.Server Debug|x86.Build.0 = Debug|Win32
		{D706D3D8-93D4-4498-BAF7-31F83A5F3CCA}.Server Release|x86.ActiveCfg = Release|Win32
		{D706D3D8-93D4-4498-BAF7-31F83A5F3CCA}.Server Release|x86.Build.0 = Release|Win32
		{D706D3D8-93D4-4498-BAF7-31F83A5F3CCA}.Template|x86.ActiveCfg = Template|Win32
		{D706D3D8-93D4-4498-BAF7-31F83A5F3CCA}.Template|x86.Build.0 = Template|Win32
		{D78730E4-1F73-4801-8758-ACD705B77E94}.Client Debug|x86.ActiveCfg = Debug|Win32
		{D78730E4-1F73-4801-8758-ACD705B77E94}.Client Debug|x86.Build.0 = Debug|Win32
		{D78730E4-1F73-4801-8758-ACD705B77E94}.Client Release|x86.ActiveCfg = Release|Win32
		{D78730E4-1F73-4801-8758-ACD705B77E94}.Client Release|x86.Build.0 = Release|Win32
		{D78730E4-1F73-4801-8758-ACD705B77E94}.Debug|x86.ActiveCfg = Debug|Win32
		{D78730E4-1F73-4801-8758-ACD705B77E94}.Debug|x86.Build.0 = Debug|Win32
		{D78730E4-1F73-4801-8758-ACD705B77E94}.OuRead Release|x86.ActiveCfg = Release|Win32
		{D78730E4-1F73-4801-8758-ACD705B77E94}.OuRead Release|x86.Build.0 = Release|Win32
		{D78730E4-1F73-4801-8758-ACD705B77E94}.OutRead Debug|x86.ActiveCfg = Debug|Win32
		{D78730E4-1F73-4801-8758-ACD705B77E94}.OutRead Debug|x86.Build.0 = Debug|Win32
		{D78730E4-1F73-4801-8758-ACD705B77E94}.Release|x86.ActiveCfg = Release|Win32
		{D78730E4-1F73-4801-8758-ACD705B77E94}.Release|x86.Build.0 = Release|Win32
		{D78730E4-1F73-4801-8758-ACD705B77E94}.Server Debug|x86.ActiveCfg = Debug|Win32
		{D78730E4-1F73-4801-8758-ACD705B77E94}.Server Debug|x86.Build.0 = Debug|Win32
		{D78730E4-1F73-4801-8758-ACD705B77E94}.Server Release|x86.ActiveCfg = Release|Win32
		{D78730E4-1F73-4801-8758-ACD705B77E94}.Server Release|x86.Build.0 = Release|Win32
		{D78730E4-1F73-4801-8758-ACD705B77E94}.Template|x86.ActiveCfg = Template|Win32
		{D78730E4-1F73-4801-8758-ACD705B77E94}.Template|x86.Build.0 = Template|Win32
		{33CD6325-201E-4A47-A011-7D60FDFB99D9}.Client Debug|x86.ActiveCfg = Debug|Win32
		{33CD6325-201E-4A47-A011-7D60FDFB99D9}.Client Debug|x86.Build.0 = Debug|Win32
		{33CD6325-201E-4A47-A011-7D60FDFB99D9}.Client Release|x86.ActiveCfg = Release|Win32
		{33CD6325-201E-4A47-A011-7D60FDFB99D9}.Client Release|x86.Build.0 = Release|Win32
		{33CD6325-201E-4A47-A011-7D60FDFB99D9}.Debug|x86.ActiveCfg = Debug|Win32
		{33CD6325-201E-4A47-A011-7D60FDFB99D9}.Debug|x86.Build.0 = Debug|Win32
		{33CD6325-201E-4A47-A011-7D60FDFB99D9}.OuRead Release|x86.ActiveCfg = Release|Win32
		{33CD6325-201E-4A47-A011-7D60FDFB99D9}.OuRead Release|x86.Build.0 = Release|Win32
		{33CD6325-201E-4A47-A011-7D60FDFB99D9}.OutRead Debug|x86.ActiveCfg = Debug|Win32
		{33CD6325-201E-4A47-A011-7D60FDFB99D9}.OutRead Debug|x86.Build.0 = Debug|Win32
		{33CD6325-201E-4A47-A011-7D60FDFB99D9}.Release|x86.ActiveCfg = Release|Win32
		{33CD6325-201E-4A47-A011-7D60FDFB99D9}.Release|x86.Build.0 = Release|Win32
		{33CD6325-201E-4A47-A011-7D60FDFB99D9}.Server Debug|x86.ActiveCfg = Debug|Win32
		{33CD6325-201E-4A47-A011-7D60FDFB99D9}.Server Debug|x86.Build.0 = Debug|Win32
		{33CD6325-201E-4A47-A011-7D60FDFB99D9}.Server Release|x86.ActiveCfg = Release|Win32
		{33CD6325-201E-4A47-A011-7D60FDFB99D9}.Server Release|x86.Build.0 = Release|Win32
		{33CD6325-201E-4A47-A011-7D60FDFB99D9}.Template|x86.ActiveCfg = Template|Win32
		{33CD6325-201E-4A47-A011-7D60FDFB99D9}.Template|x86.Build.0 = Template|Win32
		{4E7FDF6E-B104-40CD-9333-841536236218}.Client Debug|x86.ActiveCfg = Debug|Win32
		{4E7FDF6E-B104-40CD-9333-841536236218}.Client Debug|x86.Build.0 = Debug|Win32
		{4E7FDF6E-B104-40CD-9333-841536236218}.Client Release|x86.ActiveCfg = Release|Win32
		{4E7FDF6E-B104-40CD-9333-841536236218}.Client Release|x86.Build.0 = Release|Win32
		{4E7FDF6E-B104-40CD-9333-841536236218}.Debug|x86.ActiveCfg = Debug|Win32
		{4E7FDF6E-B104-40CD-9333-841536236218}.Debug|x86.Build.0 = Debug|Win32
		{4E7FDF6E-B104-40CD-9333-841536236218}.OuRead Release|x86.ActiveCfg = Release|Win32
		{4E7FDF6E-B104-40CD-9333-841536236218}.OuRead Release|x86.Build.0 = Release|Win32
		{4E7FDF6E-B104-40CD-9333-841536236218}.OutRead Debug|x86.ActiveCfg = Debug|Win32
		{4E7FDF6E-B104-40CD-9333-841536236218}.OutRead Debug|x86.Build.0 = Debug|Win32
		{4E7FDF6E-B104-40CD-9333-841536236218}.Release|x86.ActiveCfg = Release|Win32
		{4E7FDF6E-B104-40CD-9333-841536236218}.Release|x86.Build.0 = Release|Win32
		{4E7FDF6E-B104-40CD-9333-841536236218}.Server Debug|x86.ActiveCfg = Debug|Win32
		{4E7FDF6E-B104-40CD-9333-841536236218}.Server Debug|x86.Build.0 = Debug|Win32
		{4E7FDF6E-B104-40CD-9333-841536236218}.Server Release|x86.ActiveCfg = Release|Win32
		{4E7FDF6E-B104-40CD-9333-841536236218}.Server Release|x86.Build.0 = Release|Win32
		{4E7FDF6E-B104-40CD-9333-841536236218}.Template|x86.ActiveCfg = Template|Win32
		{4E7FDF6E-B104-40CD-9333-841536236218}.Template|x86.Build.0 = Template|Win32
	EndGlobalSection
	GlobalSection(SolutionProperties) = preSolution
		HideSolutionNode = FALSE
	EndGlobalSection
	GlobalSection(ExtensibilityGlobals) = postSolution
		SolutionGuid = {DF9B8CB4-DD76-42E3-99DC-115E7C0043FA}
	EndGlobalSection
EndGlobal
