
Microsoft Visual Studio Solution File, Format Version 12.00
# Visual Studio Version 16
VisualStudioVersion = 16.0.33328.57
MinimumVisualStudioVersion = 10.0.40219.1
Project("{8BC9CEB8-8B4A-11D0-8D11-00A0C91BC942}") = "FilterText_StaticLib", "FilterText\FilterText_StaticLib.vcxproj", "{27D542AB-BC83-464A-B62C-19B9FA583C9D}"
EndProject
Project("{8BC9CEB8-8B4A-11D0-8D11-00A0C91BC942}") = "Common", "MultiServer\Common\Common.vcxproj", "{EBEC27E8-F184-476C-ACF1-32E378414A7F}"
EndProject
Project("{8BC9CEB8-8B4A-11D0-8D11-00A0C91BC942}") = "Core", "Core\Core.vcxproj", "{A6E216B2-9C62-4AC6-9E50-A7930AB7ED81}"
EndProject
Project("{8BC9CEB8-8B4A-11D0-8D11-00A0C91BC942}") = "Engine", "Engine\Engine.vcxproj", "{098D04C7-134F-4800-A67D-E42A558D53F7}"
EndProject
Project("{8BC9CEB8-8B4A-11D0-8D11-00A0C91BC942}") = "FilterText", "FilterText\FilterText.vcxproj", "{11AF0D6D-4023-48CA-A2E9-627A2F6FE189}"
EndProject
Project("{8BC9CEB8-8B4A-11D0-8D11-00A0C91BC942}") = "ExpandPackage", "ExpandPackage2.0\ExpandPackage.vcxproj", "{D32206A1-0EE9-4EB4-81C4-AA37D6C8D2FF}"
EndProject
Project("{8BC9CEB8-8B4A-11D0-8D11-00A0C91BC942}") = "Represent2", "Represent\Represent2\Represent2.vcxproj", "{84C465EE-6D37-4A87-B092-DCBBA1F8E28F}"
EndProject
Project("{8BC9CEB8-8B4A-11D0-8D11-00A0C91BC942}") = "Represent3", "Represent\Represent3\Represent3.vcxproj", "{A05F0499-7B9E-4607-AEC4-22DF0092D8A0}"
EndProject
Project("{8BC9CEB8-8B4A-11D0-8D11-00A0C91BC942}") = "S3Client", "S3Client\S3Client.vcxproj", "{C961DDD9-2696-4FF6-883D-0370283997AB}"
EndProject
Project("{8BC9CEB8-8B4A-11D0-8D11-00A0C91BC942}") = "Sword3PaySys", "Sword3PaySys\S3AccServer\Sword3PaySys.vcxproj", "{FB7E1F67-8F9F-4973-937D-88A51D6C0180}"
EndProject
Project("{8BC9CEB8-8B4A-11D0-8D11-00A0C91BC942}") = "S3RelayServer", "Sword3PaySys\S3RELAYSERVER\S3RelayServer.vcxproj", "{41E91FFB-BEFC-4775-8026-F9AB3F3348DB}"
EndProject
Project("{8BC9CEB8-8B4A-11D0-8D11-00A0C91BC942}") = "Bishop", "MultiServer\Bishop\Bishop.vcxproj", "{FBBDE313-B0BF-4851-8620-C4F88C2E3C6C}"
EndProject
Project("{8BC9CEB8-8B4A-11D0-8D11-00A0C91BC942}") = "GameServer", "MultiServer\GameServer\GameServer.vcxproj", "{4C33AB0D-E267-4952-9938-DB8D12957C7E}"
EndProject
Project("{8BC9CEB8-8B4A-11D0-8D11-00A0C91BC942}") = "Goddess", "MultiServer\Goddess\Goddess.vcxproj", "{9863377B-977A-4F26-8182-3C5238CA43C8}"
EndProject
Project("{8BC9CEB8-8B4A-11D0-8D11-00A0C91BC942}") = "Heaven", "MultiServer\Heaven\Heaven.vcxproj", "{129D6E40-B5A6-4F51-B27C-650E70F73BF7}"
EndProject
Project("{8BC9CEB8-8B4A-11D0-8D11-00A0C91BC942}") = "Rainbow", "MultiServer\Rainbow\Rainbow.vcxproj", "{D649A393-90A0-4BA0-9110-54A505148F36}"
EndProject
Project("{8BC9CEB8-8B4A-11D0-8D11-00A0C91BC942}") = "S3Relay", "MultiServer\S3Relay\S3Relay.vcxproj", "{BA918D7E-E269-4D9E-B7B1-74A54BA68B5E}"
EndProject
Project("{8BC9CEB8-8B4A-11D0-8D11-00A0C91BC942}") = "LuaLibDll", "Library\LuaLib\LuaLibDll.vcxproj", "{6B2E0A24-BB4C-4680-80E4-065CDAFBB5D2}"
EndProject
Project("{8BC9CEB8-8B4A-11D0-8D11-00A0C91BC942}") = "ExpandPackageStaticLib", "ExpandPackageStaticLib\ExpandPackageStaticLib.vcxproj", "{47C2A6F4-EC4B-40F8-8743-144FA24CA223}"
EndProject
Global
	GlobalSection(SolutionConfigurationPlatforms) = preSolution
		Client Debug|x86 = Client Debug|x86
		Client Release|x86 = Client Release|x86
		Debug|x86 = Debug|x86
		OuRead Release|x86 = OuRead Release|x86
		OutRead Debug|x86 = OutRead Debug|x86
		Release|x86 = Release|x86
		Server Debug|x86 = Server Debug|x86
		Server Release|x86 = Server Release|x86
		Template|x86 = Template|x86
	EndGlobalSection
	GlobalSection(ProjectConfigurationPlatforms) = postSolution
		{27D542AB-BC83-464A-B62C-19B9FA583C9D}.Client Debug|x86.ActiveCfg = Debug|Win32
		{27D542AB-BC83-464A-B62C-19B9FA583C9D}.Client Debug|x86.Build.0 = Debug|Win32
		{27D542AB-BC83-464A-B62C-19B9FA583C9D}.Client Release|x86.ActiveCfg = Release|Win32
		{27D542AB-BC83-464A-B62C-19B9FA583C9D}.Client Release|x86.Build.0 = Release|Win32
		{27D542AB-BC83-464A-B62C-19B9FA583C9D}.Debug|x86.ActiveCfg = Debug|Win32
		{27D542AB-BC83-464A-B62C-19B9FA583C9D}.Debug|x86.Build.0 = Debug|Win32
		{27D542AB-BC83-464A-B62C-19B9FA583C9D}.OuRead Release|x86.ActiveCfg = Release|Win32
		{27D542AB-BC83-464A-B62C-19B9FA583C9D}.OuRead Release|x86.Build.0 = Release|Win32
		{27D542AB-BC83-464A-B62C-19B9FA583C9D}.OutRead Debug|x86.ActiveCfg = Debug|Win32
		{27D542AB-BC83-464A-B62C-19B9FA583C9D}.OutRead Debug|x86.Build.0 = Debug|Win32
		{27D542AB-BC83-464A-B62C-19B9FA583C9D}.Release|x86.ActiveCfg = Release|Win32
		{27D542AB-BC83-464A-B62C-19B9FA583C9D}.Release|x86.Build.0 = Release|Win32
		{27D542AB-BC83-464A-B62C-19B9FA583C9D}.Server Debug|x86.ActiveCfg = Debug|Win32
		{27D542AB-BC83-464A-B62C-19B9FA583C9D}.Server Debug|x86.Build.0 = Debug|Win32
		{27D542AB-BC83-464A-B62C-19B9FA583C9D}.Server Release|x86.ActiveCfg = Release|Win32
		{27D542AB-BC83-464A-B62C-19B9FA583C9D}.Server Release|x86.Build.0 = Release|Win32
		{27D542AB-BC83-464A-B62C-19B9FA583C9D}.Template|x86.ActiveCfg = Debug|Win32
		{27D542AB-BC83-464A-B62C-19B9FA583C9D}.Template|x86.Build.0 = Debug|Win32
		{EBEC27E8-F184-476C-ACF1-32E378414A7F}.Client Debug|x86.ActiveCfg = Debug|Win32
		{EBEC27E8-F184-476C-ACF1-32E378414A7F}.Client Debug|x86.Build.0 = Debug|Win32
		{EBEC27E8-F184-476C-ACF1-32E378414A7F}.Client Release|x86.ActiveCfg = Release|Win32
		{EBEC27E8-F184-476C-ACF1-32E378414A7F}.Client Release|x86.Build.0 = Release|Win32
		{EBEC27E8-F184-476C-ACF1-32E378414A7F}.Debug|x86.ActiveCfg = Debug|Win32
		{EBEC27E8-F184-476C-ACF1-32E378414A7F}.Debug|x86.Build.0 = Debug|Win32
		{EBEC27E8-F184-476C-ACF1-32E378414A7F}.OuRead Release|x86.ActiveCfg = Release|Win32
		{EBEC27E8-F184-476C-ACF1-32E378414A7F}.OuRead Release|x86.Build.0 = Release|Win32
		{EBEC27E8-F184-476C-ACF1-32E378414A7F}.OutRead Debug|x86.ActiveCfg = Debug|Win32
		{EBEC27E8-F184-476C-ACF1-32E378414A7F}.OutRead Debug|x86.Build.0 = Debug|Win32
		{EBEC27E8-F184-476C-ACF1-32E378414A7F}.Release|x86.ActiveCfg = Release|Win32
		{EBEC27E8-F184-476C-ACF1-32E378414A7F}.Release|x86.Build.0 = Release|Win32
		{EBEC27E8-F184-476C-ACF1-32E378414A7F}.Server Debug|x86.ActiveCfg = Debug|Win32
		{EBEC27E8-F184-476C-ACF1-32E378414A7F}.Server Debug|x86.Build.0 = Debug|Win32
		{EBEC27E8-F184-476C-ACF1-32E378414A7F}.Server Release|x86.ActiveCfg = Release|Win32
		{EBEC27E8-F184-476C-ACF1-32E378414A7F}.Server Release|x86.Build.0 = Release|Win32
		{EBEC27E8-F184-476C-ACF1-32E378414A7F}.Template|x86.ActiveCfg = Template|Win32
		{EBEC27E8-F184-476C-ACF1-32E378414A7F}.Template|x86.Build.0 = Template|Win32
		{A6E216B2-9C62-4AC6-9E50-A7930AB7ED81}.Client Debug|x86.ActiveCfg = Client Debug|Win32
		{A6E216B2-9C62-4AC6-9E50-A7930AB7ED81}.Client Debug|x86.Build.0 = Client Debug|Win32
		{A6E216B2-9C62-4AC6-9E50-A7930AB7ED81}.Client Release|x86.ActiveCfg = Client Release|Win32
		{A6E216B2-9C62-4AC6-9E50-A7930AB7ED81}.Client Release|x86.Build.0 = Client Release|Win32
		{A6E216B2-9C62-4AC6-9E50-A7930AB7ED81}.Debug|x86.ActiveCfg = Client Debug|Win32
		{A6E216B2-9C62-4AC6-9E50-A7930AB7ED81}.Debug|x86.Build.0 = Client Debug|Win32
		{A6E216B2-9C62-4AC6-9E50-A7930AB7ED81}.OuRead Release|x86.ActiveCfg = Client Debug|Win32
		{A6E216B2-9C62-4AC6-9E50-A7930AB7ED81}.OuRead Release|x86.Build.0 = Client Debug|Win32
		{A6E216B2-9C62-4AC6-9E50-A7930AB7ED81}.OutRead Debug|x86.ActiveCfg = Client Debug|Win32
		{A6E216B2-9C62-4AC6-9E50-A7930AB7ED81}.OutRead Debug|x86.Build.0 = Client Debug|Win32
		{A6E216B2-9C62-4AC6-9E50-A7930AB7ED81}.Release|x86.ActiveCfg = Client Release|Win32
		{A6E216B2-9C62-4AC6-9E50-A7930AB7ED81}.Release|x86.Build.0 = Client Release|Win32
		{A6E216B2-9C62-4AC6-9E50-A7930AB7ED81}.Server Debug|x86.ActiveCfg = Server Debug|Win32
		{A6E216B2-9C62-4AC6-9E50-A7930AB7ED81}.Server Debug|x86.Build.0 = Server Debug|Win32
		{A6E216B2-9C62-4AC6-9E50-A7930AB7ED81}.Server Release|x86.ActiveCfg = Server Release|Win32
		{A6E216B2-9C62-4AC6-9E50-A7930AB7ED81}.Server Release|x86.Build.0 = Server Release|Win32
		{A6E216B2-9C62-4AC6-9E50-A7930AB7ED81}.Template|x86.ActiveCfg = Template|Win32
		{A6E216B2-9C62-4AC6-9E50-A7930AB7ED81}.Template|x86.Build.0 = Template|Win32
		{098D04C7-134F-4800-A67D-E42A558D53F7}.Client Debug|x86.ActiveCfg = Debug|Win32
		{098D04C7-134F-4800-A67D-E42A558D53F7}.Client Debug|x86.Build.0 = Debug|Win32
		{098D04C7-134F-4800-A67D-E42A558D53F7}.Client Release|x86.ActiveCfg = Release|Win32
		{098D04C7-134F-4800-A67D-E42A558D53F7}.Client Release|x86.Build.0 = Release|Win32
		{098D04C7-134F-4800-A67D-E42A558D53F7}.Debug|x86.ActiveCfg = Debug|Win32
		{098D04C7-134F-4800-A67D-E42A558D53F7}.Debug|x86.Build.0 = Debug|Win32
		{098D04C7-134F-4800-A67D-E42A558D53F7}.OuRead Release|x86.ActiveCfg = OuRead Release|Win32
		{098D04C7-134F-4800-A67D-E42A558D53F7}.OuRead Release|x86.Build.0 = OuRead Release|Win32
		{098D04C7-134F-4800-A67D-E42A558D53F7}.OutRead Debug|x86.ActiveCfg = OutRead Debug|Win32
		{098D04C7-134F-4800-A67D-E42A558D53F7}.OutRead Debug|x86.Build.0 = OutRead Debug|Win32
		{098D04C7-134F-4800-A67D-E42A558D53F7}.Release|x86.ActiveCfg = Release|Win32
		{098D04C7-134F-4800-A67D-E42A558D53F7}.Release|x86.Build.0 = Release|Win32
		{098D04C7-134F-4800-A67D-E42A558D53F7}.Server Debug|x86.ActiveCfg = Debug|Win32
		{098D04C7-134F-4800-A67D-E42A558D53F7}.Server Debug|x86.Build.0 = Debug|Win32
		{098D04C7-134F-4800-A67D-E42A558D53F7}.Server Release|x86.ActiveCfg = Release|Win32
		{098D04C7-134F-4800-A67D-E42A558D53F7}.Server Release|x86.Build.0 = Release|Win32
		{098D04C7-134F-4800-A67D-E42A558D53F7}.Template|x86.ActiveCfg = Template|Win32
		{098D04C7-134F-4800-A67D-E42A558D53F7}.Template|x86.Build.0 = Template|Win32
		{11AF0D6D-4023-48CA-A2E9-627A2F6FE189}.Client Debug|x86.ActiveCfg = Debug|Win32
		{11AF0D6D-4023-48CA-A2E9-627A2F6FE189}.Client Debug|x86.Build.0 = Debug|Win32
		{11AF0D6D-4023-48CA-A2E9-627A2F6FE189}.Client Release|x86.ActiveCfg = Release|Win32
		{11AF0D6D-4023-48CA-A2E9-627A2F6FE189}.Client Release|x86.Build.0 = Release|Win32
		{11AF0D6D-4023-48CA-A2E9-627A2F6FE189}.Debug|x86.ActiveCfg = Debug|Win32
		{11AF0D6D-4023-48CA-A2E9-627A2F6FE189}.Debug|x86.Build.0 = Debug|Win32
		{11AF0D6D-4023-48CA-A2E9-627A2F6FE189}.OuRead Release|x86.ActiveCfg = Release|Win32
		{11AF0D6D-4023-48CA-A2E9-627A2F6FE189}.OuRead Release|x86.Build.0 = Release|Win32
		{11AF0D6D-4023-48CA-A2E9-627A2F6FE189}.OutRead Debug|x86.ActiveCfg = Debug|Win32
		{11AF0D6D-4023-48CA-A2E9-627A2F6FE189}.OutRead Debug|x86.Build.0 = Debug|Win32
		{11AF0D6D-4023-48CA-A2E9-627A2F6FE189}.Release|x86.ActiveCfg = Release|Win32
		{11AF0D6D-4023-48CA-A2E9-627A2F6FE189}.Release|x86.Build.0 = Release|Win32
		{11AF0D6D-4023-48CA-A2E9-627A2F6FE189}.Server Debug|x86.ActiveCfg = Debug|Win32
		{11AF0D6D-4023-48CA-A2E9-627A2F6FE189}.Server Debug|x86.Build.0 = Debug|Win32
		{11AF0D6D-4023-48CA-A2E9-627A2F6FE189}.Server Release|x86.ActiveCfg = Release|Win32
		{11AF0D6D-4023-48CA-A2E9-627A2F6FE189}.Server Release|x86.Build.0 = Release|Win32
		{11AF0D6D-4023-48CA-A2E9-627A2F6FE189}.Template|x86.ActiveCfg = Template|Win32
		{11AF0D6D-4023-48CA-A2E9-627A2F6FE189}.Template|x86.Build.0 = Template|Win32
		{D32206A1-0EE9-4EB4-81C4-AA37D6C8D2FF}.Client Debug|x86.ActiveCfg = Debug|Win32
		{D32206A1-0EE9-4EB4-81C4-AA37D6C8D2FF}.Client Debug|x86.Build.0 = Debug|Win32
		{D32206A1-0EE9-4EB4-81C4-AA37D6C8D2FF}.Client Release|x86.ActiveCfg = Release|Win32
		{D32206A1-0EE9-4EB4-81C4-AA37D6C8D2FF}.Client Release|x86.Build.0 = Release|Win32
		{D32206A1-0EE9-4EB4-81C4-AA37D6C8D2FF}.Debug|x86.ActiveCfg = Debug|Win32
		{D32206A1-0EE9-4EB4-81C4-AA37D6C8D2FF}.Debug|x86.Build.0 = Debug|Win32
		{D32206A1-0EE9-4EB4-81C4-AA37D6C8D2FF}.OuRead Release|x86.ActiveCfg = Release|Win32
		{D32206A1-0EE9-4EB4-81C4-AA37D6C8D2FF}.OuRead Release|x86.Build.0 = Release|Win32
		{D32206A1-0EE9-4EB4-81C4-AA37D6C8D2FF}.OutRead Debug|x86.ActiveCfg = Debug|Win32
		{D32206A1-0EE9-4EB4-81C4-AA37D6C8D2FF}.OutRead Debug|x86.Build.0 = Debug|Win32
		{D32206A1-0EE9-4EB4-81C4-AA37D6C8D2FF}.Release|x86.ActiveCfg = Release|Win32
		{D32206A1-0EE9-4EB4-81C4-AA37D6C8D2FF}.Release|x86.Build.0 = Release|Win32
		{D32206A1-0EE9-4EB4-81C4-AA37D6C8D2FF}.Server Debug|x86.ActiveCfg = Debug|Win32
		{D32206A1-0EE9-4EB4-81C4-AA37D6C8D2FF}.Server Debug|x86.Build.0 = Debug|Win32
		{D32206A1-0EE9-4EB4-81C4-AA37D6C8D2FF}.Server Release|x86.ActiveCfg = Release|Win32
		{D32206A1-0EE9-4EB4-81C4-AA37D6C8D2FF}.Server Release|x86.Build.0 = Release|Win32
		{D32206A1-0EE9-4EB4-81C4-AA37D6C8D2FF}.Template|x86.ActiveCfg = Template|Win32
		{D32206A1-0EE9-4EB4-81C4-AA37D6C8D2FF}.Template|x86.Build.0 = Template|Win32
		{84C465EE-6D37-4A87-B092-DCBBA1F8E28F}.Client Debug|x86.ActiveCfg = Debug|Win32
		{84C465EE-6D37-4A87-B092-DCBBA1F8E28F}.Client Debug|x86.Build.0 = Debug|Win32
		{84C465EE-6D37-4A87-B092-DCBBA1F8E28F}.Client Release|x86.ActiveCfg = Release|Win32
		{84C465EE-6D37-4A87-B092-DCBBA1F8E28F}.Client Release|x86.Build.0 = Release|Win32
		{84C465EE-6D37-4A87-B092-DCBBA1F8E28F}.Debug|x86.ActiveCfg = Debug|Win32
		{84C465EE-6D37-4A87-B092-DCBBA1F8E28F}.Debug|x86.Build.0 = Debug|Win32
		{84C465EE-6D37-4A87-B092-DCBBA1F8E28F}.OuRead Release|x86.ActiveCfg = Release|Win32
		{84C465EE-6D37-4A87-B092-DCBBA1F8E28F}.OuRead Release|x86.Build.0 = Release|Win32
		{84C465EE-6D37-4A87-B092-DCBBA1F8E28F}.OutRead Debug|x86.ActiveCfg = Debug|Win32
		{84C465EE-6D37-4A87-B092-DCBBA1F8E28F}.OutRead Debug|x86.Build.0 = Debug|Win32
		{84C465EE-6D37-4A87-B092-DCBBA1F8E28F}.Release|x86.ActiveCfg = Release|Win32
		{84C465EE-6D37-4A87-B092-DCBBA1F8E28F}.Release|x86.Build.0 = Release|Win32
		{84C465EE-6D37-4A87-B092-DCBBA1F8E28F}.Server Debug|x86.ActiveCfg = Debug|Win32
		{84C465EE-6D37-4A87-B092-DCBBA1F8E28F}.Server Debug|x86.Build.0 = Debug|Win32
		{84C465EE-6D37-4A87-B092-DCBBA1F8E28F}.Server Release|x86.ActiveCfg = Release|Win32
		{84C465EE-6D37-4A87-B092-DCBBA1F8E28F}.Server Release|x86.Build.0 = Release|Win32
		{84C465EE-6D37-4A87-B092-DCBBA1F8E28F}.Template|x86.ActiveCfg = Template|Win32
		{84C465EE-6D37-4A87-B092-DCBBA1F8E28F}.Template|x86.Build.0 = Template|Win32
		{A05F0499-7B9E-4607-AEC4-22DF0092D8A0}.Client Debug|x86.ActiveCfg = Debug|Win32
		{A05F0499-7B9E-4607-AEC4-22DF0092D8A0}.Client Debug|x86.Build.0 = Debug|Win32
		{A05F0499-7B9E-4607-AEC4-22DF0092D8A0}.Client Release|x86.ActiveCfg = Release|Win32
		{A05F0499-7B9E-4607-AEC4-22DF0092D8A0}.Client Release|x86.Build.0 = Release|Win32
		{A05F0499-7B9E-4607-AEC4-22DF0092D8A0}.Debug|x86.ActiveCfg = Debug|Win32
		{A05F0499-7B9E-4607-AEC4-22DF0092D8A0}.Debug|x86.Build.0 = Debug|Win32
		{A05F0499-7B9E-4607-AEC4-22DF0092D8A0}.OuRead Release|x86.ActiveCfg = Release|Win32
		{A05F0499-7B9E-4607-AEC4-22DF0092D8A0}.OuRead Release|x86.Build.0 = Release|Win32
		{A05F0499-7B9E-4607-AEC4-22DF0092D8A0}.OutRead Debug|x86.ActiveCfg = Debug|Win32
		{A05F0499-7B9E-4607-AEC4-22DF0092D8A0}.OutRead Debug|x86.Build.0 = Debug|Win32
		{A05F0499-7B9E-4607-AEC4-22DF0092D8A0}.Release|x86.ActiveCfg = Release|Win32
		{A05F0499-7B9E-4607-AEC4-22DF0092D8A0}.Release|x86.Build.0 = Release|Win32
		{A05F0499-7B9E-4607-AEC4-22DF0092D8A0}.Server Debug|x86.ActiveCfg = Debug|Win32
		{A05F0499-7B9E-4607-AEC4-22DF0092D8A0}.Server Debug|x86.Build.0 = Debug|Win32
		{A05F0499-7B9E-4607-AEC4-22DF0092D8A0}.Server Release|x86.ActiveCfg = Release|Win32
		{A05F0499-7B9E-4607-AEC4-22DF0092D8A0}.Server Release|x86.Build.0 = Release|Win32
		{A05F0499-7B9E-4607-AEC4-22DF0092D8A0}.Template|x86.ActiveCfg = Template|Win32
		{A05F0499-7B9E-4607-AEC4-22DF0092D8A0}.Template|x86.Build.0 = Template|Win32
		{C961DDD9-2696-4FF6-883D-0370283997AB}.Client Debug|x86.ActiveCfg = Debug|Win32
		{C961DDD9-2696-4FF6-883D-0370283997AB}.Client Debug|x86.Build.0 = Debug|Win32
		{C961DDD9-2696-4FF6-883D-0370283997AB}.Client Release|x86.ActiveCfg = Release|Win32
		{C961DDD9-2696-4FF6-883D-0370283997AB}.Client Release|x86.Build.0 = Release|Win32
		{C961DDD9-2696-4FF6-883D-0370283997AB}.Debug|x86.ActiveCfg = Debug|Win32
		{C961DDD9-2696-4FF6-883D-0370283997AB}.Debug|x86.Build.0 = Debug|Win32
		{C961DDD9-2696-4FF6-883D-0370283997AB}.OuRead Release|x86.ActiveCfg = Release|Win32
		{C961DDD9-2696-4FF6-883D-0370283997AB}.OuRead Release|x86.Build.0 = Release|Win32
		{C961DDD9-2696-4FF6-883D-0370283997AB}.OutRead Debug|x86.ActiveCfg = Debug|Win32
		{C961DDD9-2696-4FF6-883D-0370283997AB}.OutRead Debug|x86.Build.0 = Debug|Win32
		{C961DDD9-2696-4FF6-883D-0370283997AB}.Release|x86.ActiveCfg = Release|Win32
		{C961DDD9-2696-4FF6-883D-0370283997AB}.Release|x86.Build.0 = Release|Win32
		{C961DDD9-2696-4FF6-883D-0370283997AB}.Server Debug|x86.ActiveCfg = Debug|Win32
		{C961DDD9-2696-4FF6-883D-0370283997AB}.Server Debug|x86.Build.0 = Debug|Win32
		{C961DDD9-2696-4FF6-883D-0370283997AB}.Server Release|x86.ActiveCfg = Release|Win32
		{C961DDD9-2696-4FF6-883D-0370283997AB}.Server Release|x86.Build.0 = Release|Win32
		{C961DDD9-2696-4FF6-883D-0370283997AB}.Template|x86.ActiveCfg = Template|Win32
		{C961DDD9-2696-4FF6-883D-0370283997AB}.Template|x86.Build.0 = Template|Win32
		{FB7E1F67-8F9F-4973-937D-88A51D6C0180}.Client Debug|x86.ActiveCfg = Debug|Win32
		{FB7E1F67-8F9F-4973-937D-88A51D6C0180}.Client Debug|x86.Build.0 = Debug|Win32
		{FB7E1F67-8F9F-4973-937D-88A51D6C0180}.Client Release|x86.ActiveCfg = Release|Win32
		{FB7E1F67-8F9F-4973-937D-88A51D6C0180}.Client Release|x86.Build.0 = Release|Win32
		{FB7E1F67-8F9F-4973-937D-88A51D6C0180}.Debug|x86.ActiveCfg = Debug|Win32
		{FB7E1F67-8F9F-4973-937D-88A51D6C0180}.Debug|x86.Build.0 = Debug|Win32
		{FB7E1F67-8F9F-4973-937D-88A51D6C0180}.OuRead Release|x86.ActiveCfg = Release|Win32
		{FB7E1F67-8F9F-4973-937D-88A51D6C0180}.OuRead Release|x86.Build.0 = Release|Win32
		{FB7E1F67-8F9F-4973-937D-88A51D6C0180}.OutRead Debug|x86.ActiveCfg = Debug|Win32
		{FB7E1F67-8F9F-4973-937D-88A51D6C0180}.OutRead Debug|x86.Build.0 = Debug|Win32
		{FB7E1F67-8F9F-4973-937D-88A51D6C0180}.Release|x86.ActiveCfg = Release|Win32
		{FB7E1F67-8F9F-4973-937D-88A51D6C0180}.Release|x86.Build.0 = Release|Win32
		{FB7E1F67-8F9F-4973-937D-88A51D6C0180}.Server Debug|x86.ActiveCfg = Debug|Win32
		{FB7E1F67-8F9F-4973-937D-88A51D6C0180}.Server Debug|x86.Build.0 = Debug|Win32
		{FB7E1F67-8F9F-4973-937D-88A51D6C0180}.Server Release|x86.ActiveCfg = Release|Win32
		{FB7E1F67-8F9F-4973-937D-88A51D6C0180}.Server Release|x86.Build.0 = Release|Win32
		{FB7E1F67-8F9F-4973-937D-88A51D6C0180}.Template|x86.ActiveCfg = Template|Win32
		{FB7E1F67-8F9F-4973-937D-88A51D6C0180}.Template|x86.Build.0 = Template|Win32
		{41E91FFB-BEFC-4775-8026-F9AB3F3348DB}.Client Debug|x86.ActiveCfg = Debug|Win32
		{41E91FFB-BEFC-4775-8026-F9AB3F3348DB}.Client Debug|x86.Build.0 = Debug|Win32
		{41E91FFB-BEFC-4775-8026-F9AB3F3348DB}.Client Release|x86.ActiveCfg = Release|Win32
		{41E91FFB-BEFC-4775-8026-F9AB3F3348DB}.Client Release|x86.Build.0 = Release|Win32
		{41E91FFB-BEFC-4775-8026-F9AB3F3348DB}.Debug|x86.ActiveCfg = Debug|Win32
		{41E91FFB-BEFC-4775-8026-F9AB3F3348DB}.Debug|x86.Build.0 = Debug|Win32
		{41E91FFB-BEFC-4775-8026-F9AB3F3348DB}.OuRead Release|x86.ActiveCfg = Release|Win32
		{41E91FFB-BEFC-4775-8026-F9AB3F3348DB}.OuRead Release|x86.Build.0 = Release|Win32
		{41E91FFB-BEFC-4775-8026-F9AB3F3348DB}.OutRead Debug|x86.ActiveCfg = Debug|Win32
		{41E91FFB-BEFC-4775-8026-F9AB3F3348DB}.OutRead Debug|x86.Build.0 = Debug|Win32
		{41E91FFB-BEFC-4775-8026-F9AB3F3348DB}.Release|x86.ActiveCfg = Release|Win32
		{41E91FFB-BEFC-4775-8026-F9AB3F3348DB}.Release|x86.Build.0 = Release|Win32
		{41E91FFB-BEFC-4775-8026-F9AB3F3348DB}.Server Debug|x86.ActiveCfg = Debug|Win32
		{41E91FFB-BEFC-4775-8026-F9AB3F3348DB}.Server Debug|x86.Build.0 = Debug|Win32
		{41E91FFB-BEFC-4775-8026-F9AB3F3348DB}.Server Release|x86.ActiveCfg = Release|Win32
		{41E91FFB-BEFC-4775-8026-F9AB3F3348DB}.Server Release|x86.Build.0 = Release|Win32
		{41E91FFB-BEFC-4775-8026-F9AB3F3348DB}.Template|x86.ActiveCfg = Template|Win32
		{41E91FFB-BEFC-4775-8026-F9AB3F3348DB}.Template|x86.Build.0 = Template|Win32
		{FBBDE313-B0BF-4851-8620-C4F88C2E3C6C}.Client Debug|x86.ActiveCfg = Debug|Win32
		{FBBDE313-B0BF-4851-8620-C4F88C2E3C6C}.Client Debug|x86.Build.0 = Debug|Win32
		{FBBDE313-B0BF-4851-8620-C4F88C2E3C6C}.Client Release|x86.ActiveCfg = Release|Win32
		{FBBDE313-B0BF-4851-8620-C4F88C2E3C6C}.Client Release|x86.Build.0 = Release|Win32
		{FBBDE313-B0BF-4851-8620-C4F88C2E3C6C}.Debug|x86.ActiveCfg = Debug|Win32
		{FBBDE313-B0BF-4851-8620-C4F88C2E3C6C}.Debug|x86.Build.0 = Debug|Win32
		{FBBDE313-B0BF-4851-8620-C4F88C2E3C6C}.OuRead Release|x86.ActiveCfg = Release|Win32
		{FBBDE313-B0BF-4851-8620-C4F88C2E3C6C}.OuRead Release|x86.Build.0 = Release|Win32
		{FBBDE313-B0BF-4851-8620-C4F88C2E3C6C}.OutRead Debug|x86.ActiveCfg = Debug|Win32
		{FBBDE313-B0BF-4851-8620-C4F88C2E3C6C}.OutRead Debug|x86.Build.0 = Debug|Win32
		{FBBDE313-B0BF-4851-8620-C4F88C2E3C6C}.Release|x86.ActiveCfg = Release|Win32
		{FBBDE313-B0BF-4851-8620-C4F88C2E3C6C}.Release|x86.Build.0 = Release|Win32
		{FBBDE313-B0BF-4851-8620-C4F88C2E3C6C}.Server Debug|x86.ActiveCfg = Debug|Win32
		{FBBDE313-B0BF-4851-8620-C4F88C2E3C6C}.Server Debug|x86.Build.0 = Debug|Win32
		{FBBDE313-B0BF-4851-8620-C4F88C2E3C6C}.Server Release|x86.ActiveCfg = Release|Win32
		{FBBDE313-B0BF-4851-8620-C4F88C2E3C6C}.Server Release|x86.Build.0 = Release|Win32
		{FBBDE313-B0BF-4851-8620-C4F88C2E3C6C}.Template|x86.ActiveCfg = Template|Win32
		{FBBDE313-B0BF-4851-8620-C4F88C2E3C6C}.Template|x86.Build.0 = Template|Win32
		{4C33AB0D-E267-4952-9938-DB8D12957C7E}.Client Debug|x86.ActiveCfg = Debug|Win32
		{4C33AB0D-E267-4952-9938-DB8D12957C7E}.Client Debug|x86.Build.0 = Debug|Win32
		{4C33AB0D-E267-4952-9938-DB8D12957C7E}.Client Release|x86.ActiveCfg = Release|Win32
		{4C33AB0D-E267-4952-9938-DB8D12957C7E}.Client Release|x86.Build.0 = Release|Win32
		{4C33AB0D-E267-4952-9938-DB8D12957C7E}.Debug|x86.ActiveCfg = Debug|Win32
		{4C33AB0D-E267-4952-9938-DB8D12957C7E}.Debug|x86.Build.0 = Debug|Win32
		{4C33AB0D-E267-4952-9938-DB8D12957C7E}.OuRead Release|x86.ActiveCfg = Release|Win32
		{4C33AB0D-E267-4952-9938-DB8D12957C7E}.OuRead Release|x86.Build.0 = Release|Win32
		{4C33AB0D-E267-4952-9938-DB8D12957C7E}.OutRead Debug|x86.ActiveCfg = Debug|Win32
		{4C33AB0D-E267-4952-9938-DB8D12957C7E}.OutRead Debug|x86.Build.0 = Debug|Win32
		{4C33AB0D-E267-4952-9938-DB8D12957C7E}.Release|x86.ActiveCfg = Release|Win32
		{4C33AB0D-E267-4952-9938-DB8D12957C7E}.Release|x86.Build.0 = Release|Win32
		{4C33AB0D-E267-4952-9938-DB8D12957C7E}.Server Debug|x86.ActiveCfg = Debug|Win32
		{4C33AB0D-E267-4952-9938-DB8D12957C7E}.Server Debug|x86.Build.0 = Debug|Win32
		{4C33AB0D-E267-4952-9938-DB8D12957C7E}.Server Release|x86.ActiveCfg = Release|Win32
		{4C33AB0D-E267-4952-9938-DB8D12957C7E}.Server Release|x86.Build.0 = Release|Win32
		{4C33AB0D-E267-4952-9938-DB8D12957C7E}.Template|x86.ActiveCfg = Template|Win32
		{4C33AB0D-E267-4952-9938-DB8D12957C7E}.Template|x86.Build.0 = Template|Win32
		{9863377B-977A-4F26-8182-3C5238CA43C8}.Client Debug|x86.ActiveCfg = Debug|Win32
		{9863377B-977A-4F26-8182-3C5238CA43C8}.Client Debug|x86.Build.0 = Debug|Win32
		{9863377B-977A-4F26-8182-3C5238CA43C8}.Client Release|x86.ActiveCfg = Release|Win32
		{9863377B-977A-4F26-8182-3C5238CA43C8}.Client Release|x86.Build.0 = Release|Win32
		{9863377B-977A-4F26-8182-3C5238CA43C8}.Debug|x86.ActiveCfg = Debug|Win32
		{9863377B-977A-4F26-8182-3C5238CA43C8}.Debug|x86.Build.0 = Debug|Win32
		{9863377B-977A-4F26-8182-3C5238CA43C8}.OuRead Release|x86.ActiveCfg = Release|Win32
		{9863377B-977A-4F26-8182-3C5238CA43C8}.OuRead Release|x86.Build.0 = Release|Win32
		{9863377B-977A-4F26-8182-3C5238CA43C8}.OutRead Debug|x86.ActiveCfg = Debug|Win32
		{9863377B-977A-4F26-8182-3C5238CA43C8}.OutRead Debug|x86.Build.0 = Debug|Win32
		{9863377B-977A-4F26-8182-3C5238CA43C8}.Release|x86.ActiveCfg = Release|Win32
		{9863377B-977A-4F26-8182-3C5238CA43C8}.Release|x86.Build.0 = Release|Win32
		{9863377B-977A-4F26-8182-3C5238CA43C8}.Server Debug|x86.ActiveCfg = Debug|Win32
		{9863377B-977A-4F26-8182-3C5238CA43C8}.Server Debug|x86.Build.0 = Debug|Win32
		{9863377B-977A-4F26-8182-3C5238CA43C8}.Server Release|x86.ActiveCfg = Release|Win32
		{9863377B-977A-4F26-8182-3C5238CA43C8}.Server Release|x86.Build.0 = Release|Win32
		{9863377B-977A-4F26-8182-3C5238CA43C8}.Template|x86.ActiveCfg = Template|Win32
		{9863377B-977A-4F26-8182-3C5238CA43C8}.Template|x86.Build.0 = Template|Win32
		{129D6E40-B5A6-4F51-B27C-650E70F73BF7}.Client Debug|x86.ActiveCfg = Debug|Win32
		{129D6E40-B5A6-4F51-B27C-650E70F73BF7}.Client Debug|x86.Build.0 = Debug|Win32
		{129D6E40-B5A6-4F51-B27C-650E70F73BF7}.Client Release|x86.ActiveCfg = Release|Win32
		{129D6E40-B5A6-4F51-B27C-650E70F73BF7}.Client Release|x86.Build.0 = Release|Win32
		{129D6E40-B5A6-4F51-B27C-650E70F73BF7}.Debug|x86.ActiveCfg = Debug|Win32
		{129D6E40-B5A6-4F51-B27C-650E70F73BF7}.Debug|x86.Build.0 = Debug|Win32
		{129D6E40-B5A6-4F51-B27C-650E70F73BF7}.OuRead Release|x86.ActiveCfg = Release|Win32
		{129D6E40-B5A6-4F51-B27C-650E70F73BF7}.OuRead Release|x86.Build.0 = Release|Win32
		{129D6E40-B5A6-4F51-B27C-650E70F73BF7}.OutRead Debug|x86.ActiveCfg = Debug|Win32
		{129D6E40-B5A6-4F51-B27C-650E70F73BF7}.OutRead Debug|x86.Build.0 = Debug|Win32
		{129D6E40-B5A6-4F51-B27C-650E70F73BF7}.Release|x86.ActiveCfg = Release|Win32
		{129D6E40-B5A6-4F51-B27C-650E70F73BF7}.Release|x86.Build.0 = Release|Win32
		{129D6E40-B5A6-4F51-B27C-650E70F73BF7}.Server Debug|x86.ActiveCfg = Debug|Win32
		{129D6E40-B5A6-4F51-B27C-650E70F73BF7}.Server Debug|x86.Build.0 = Debug|Win32
		{129D6E40-B5A6-4F51-B27C-650E70F73BF7}.Server Release|x86.ActiveCfg = Release|Win32
		{129D6E40-B5A6-4F51-B27C-650E70F73BF7}.Server Release|x86.Build.0 = Release|Win32
		{129D6E40-B5A6-4F51-B27C-650E70F73BF7}.Template|x86.ActiveCfg = Template|Win32
		{129D6E40-B5A6-4F51-B27C-650E70F73BF7}.Template|x86.Build.0 = Template|Win32
		{D649A393-90A0-4BA0-9110-54A505148F36}.Client Debug|x86.ActiveCfg = Debug|Win32
		{D649A393-90A0-4BA0-9110-54A505148F36}.Client Debug|x86.Build.0 = Debug|Win32
		{D649A393-90A0-4BA0-9110-54A505148F36}.Client Release|x86.ActiveCfg = Release|Win32
		{D649A393-90A0-4BA0-9110-54A505148F36}.Client Release|x86.Build.0 = Release|Win32
		{D649A393-90A0-4BA0-9110-54A505148F36}.Debug|x86.ActiveCfg = Debug|Win32
		{D649A393-90A0-4BA0-9110-54A505148F36}.Debug|x86.Build.0 = Debug|Win32
		{D649A393-90A0-4BA0-9110-54A505148F36}.OuRead Release|x86.ActiveCfg = Release|Win32
		{D649A393-90A0-4BA0-9110-54A505148F36}.OuRead Release|x86.Build.0 = Release|Win32
		{D649A393-90A0-4BA0-9110-54A505148F36}.OutRead Debug|x86.ActiveCfg = Debug|Win32
		{D649A393-90A0-4BA0-9110-54A505148F36}.OutRead Debug|x86.Build.0 = Debug|Win32
		{D649A393-90A0-4BA0-9110-54A505148F36}.Release|x86.ActiveCfg = Release|Win32
		{D649A393-90A0-4BA0-9110-54A505148F36}.Release|x86.Build.0 = Release|Win32
		{D649A393-90A0-4BA0-9110-54A505148F36}.Server Debug|x86.ActiveCfg = Debug|Win32
		{D649A393-90A0-4BA0-9110-54A505148F36}.Server Debug|x86.Build.0 = Debug|Win32
		{D649A393-90A0-4BA0-9110-54A505148F36}.Server Release|x86.ActiveCfg = Release|Win32
		{D649A393-90A0-4BA0-9110-54A505148F36}.Server Release|x86.Build.0 = Release|Win32
		{D649A393-90A0-4BA0-9110-54A505148F36}.Template|x86.ActiveCfg = Template|Win32
		{D649A393-90A0-4BA0-9110-54A505148F36}.Template|x86.Build.0 = Template|Win32
		{BA918D7E-E269-4D9E-B7B1-74A54BA68B5E}.Client Debug|x86.ActiveCfg = Debug|Win32
		{BA918D7E-E269-4D9E-B7B1-74A54BA68B5E}.Client Debug|x86.Build.0 = Debug|Win32
		{BA918D7E-E269-4D9E-B7B1-74A54BA68B5E}.Client Release|x86.ActiveCfg = Release|Win32
		{BA918D7E-E269-4D9E-B7B1-74A54BA68B5E}.Client Release|x86.Build.0 = Release|Win32
		{BA918D7E-E269-4D9E-B7B1-74A54BA68B5E}.Debug|x86.ActiveCfg = Debug|Win32
		{BA918D7E-E269-4D9E-B7B1-74A54BA68B5E}.Debug|x86.Build.0 = Debug|Win32
		{BA918D7E-E269-4D9E-B7B1-74A54BA68B5E}.OuRead Release|x86.ActiveCfg = Release|Win32
		{BA918D7E-E269-4D9E-B7B1-74A54BA68B5E}.OuRead Release|x86.Build.0 = Release|Win32
		{BA918D7E-E269-4D9E-B7B1-74A54BA68B5E}.OutRead Debug|x86.ActiveCfg = Debug|Win32
		{BA918D7E-E269-4D9E-B7B1-74A54BA68B5E}.OutRead Debug|x86.Build.0 = Debug|Win32
		{BA918D7E-E269-4D9E-B7B1-74A54BA68B5E}.Release|x86.ActiveCfg = Release|Win32
		{BA918D7E-E269-4D9E-B7B1-74A54BA68B5E}.Release|x86.Build.0 = Release|Win32
		{BA918D7E-E269-4D9E-B7B1-74A54BA68B5E}.Server Debug|x86.ActiveCfg = Debug|Win32
		{BA918D7E-E269-4D9E-B7B1-74A54BA68B5E}.Server Debug|x86.Build.0 = Debug|Win32
		{BA918D7E-E269-4D9E-B7B1-74A54BA68B5E}.Server Release|x86.ActiveCfg = Release|Win32
		{BA918D7E-E269-4D9E-B7B1-74A54BA68B5E}.Server Release|x86.Build.0 = Release|Win32
		{BA918D7E-E269-4D9E-B7B1-74A54BA68B5E}.Template|x86.ActiveCfg = Template|Win32
		{BA918D7E-E269-4D9E-B7B1-74A54BA68B5E}.Template|x86.Build.0 = Template|Win32
		{6B2E0A24-BB4C-4680-80E4-065CDAFBB5D2}.Client Debug|x86.ActiveCfg = Debug|Win32
		{6B2E0A24-BB4C-4680-80E4-065CDAFBB5D2}.Client Debug|x86.Build.0 = Debug|Win32
		{6B2E0A24-BB4C-4680-80E4-065CDAFBB5D2}.Client Release|x86.ActiveCfg = Release|Win32
		{6B2E0A24-BB4C-4680-80E4-065CDAFBB5D2}.Client Release|x86.Build.0 = Release|Win32
		{6B2E0A24-BB4C-4680-80E4-065CDAFBB5D2}.Debug|x86.ActiveCfg = Debug|Win32
		{6B2E0A24-BB4C-4680-80E4-065CDAFBB5D2}.Debug|x86.Build.0 = Debug|Win32
		{6B2E0A24-BB4C-4680-80E4-065CDAFBB5D2}.OuRead Release|x86.ActiveCfg = Release|Win32
		{6B2E0A24-BB4C-4680-80E4-065CDAFBB5D2}.OuRead Release|x86.Build.0 = Release|Win32
		{6B2E0A24-BB4C-4680-80E4-065CDAFBB5D2}.OutRead Debug|x86.ActiveCfg = Debug|Win32
		{6B2E0A24-BB4C-4680-80E4-065CDAFBB5D2}.OutRead Debug|x86.Build.0 = Debug|Win32
		{6B2E0A24-BB4C-4680-80E4-065CDAFBB5D2}.Release|x86.ActiveCfg = Release|Win32
		{6B2E0A24-BB4C-4680-80E4-065CDAFBB5D2}.Release|x86.Build.0 = Release|Win32
		{6B2E0A24-BB4C-4680-80E4-065CDAFBB5D2}.Server Debug|x86.ActiveCfg = Debug|Win32
		{6B2E0A24-BB4C-4680-80E4-065CDAFBB5D2}.Server Debug|x86.Build.0 = Debug|Win32
		{6B2E0A24-BB4C-4680-80E4-065CDAFBB5D2}.Server Release|x86.ActiveCfg = Release|Win32
		{6B2E0A24-BB4C-4680-80E4-065CDAFBB5D2}.Server Release|x86.Build.0 = Release|Win32
		{6B2E0A24-BB4C-4680-80E4-065CDAFBB5D2}.Template|x86.ActiveCfg = Template|Win32
		{6B2E0A24-BB4C-4680-80E4-065CDAFBB5D2}.Template|x86.Build.0 = Template|Win32
		{47C2A6F4-EC4B-40F8-8743-144FA24CA223}.Client Debug|x86.ActiveCfg = Debug|Win32
		{47C2A6F4-EC4B-40F8-8743-144FA24CA223}.Client Debug|x86.Build.0 = Debug|Win32
		{47C2A6F4-EC4B-40F8-8743-144FA24CA223}.Client Release|x86.ActiveCfg = Release|Win32
		{47C2A6F4-EC4B-40F8-8743-144FA24CA223}.Client Release|x86.Build.0 = Release|Win32
		{47C2A6F4-EC4B-40F8-8743-144FA24CA223}.Debug|x86.ActiveCfg = Debug|Win32
		{47C2A6F4-EC4B-40F8-8743-144FA24CA223}.Debug|x86.Build.0 = Debug|Win32
		{47C2A6F4-EC4B-40F8-8743-144FA24CA223}.OuRead Release|x86.ActiveCfg = Release|Win32
		{47C2A6F4-EC4B-40F8-8743-144FA24CA223}.OuRead Release|x86.Build.0 = Release|Win32
		{47C2A6F4-EC4B-40F8-8743-144FA24CA223}.OutRead Debug|x86.ActiveCfg = Debug|Win32
		{47C2A6F4-EC4B-40F8-8743-144FA24CA223}.OutRead Debug|x86.Build.0 = Debug|Win32
		{47C2A6F4-EC4B-40F8-8743-144FA24CA223}.Release|x86.ActiveCfg = Release|Win32
		{47C2A6F4-EC4B-40F8-8743-144FA24CA223}.Release|x86.Build.0 = Release|Win32
		{47C2A6F4-EC4B-40F8-8743-144FA24CA223}.Server Debug|x86.ActiveCfg = Debug|Win32
		{47C2A6F4-EC4B-40F8-8743-144FA24CA223}.Server Debug|x86.Build.0 = Debug|Win32
		{47C2A6F4-EC4B-40F8-8743-144FA24CA223}.Server Release|x86.ActiveCfg = Release|Win32
		{47C2A6F4-EC4B-40F8-8743-144FA24CA223}.Server Release|x86.Build.0 = Release|Win32
		{47C2A6F4-EC4B-40F8-8743-144FA24CA223}.Template|x86.ActiveCfg = Template|Win32
		{47C2A6F4-EC4B-40F8-8743-144FA24CA223}.Template|x86.Build.0 = Template|Win32
	EndGlobalSection
	GlobalSection(SolutionProperties) = preSolution
		HideSolutionNode = FALSE
	EndGlobalSection
	GlobalSection(ExtensibilityGlobals) = postSolution
		SolutionGuid = {46A681D7-1905-4A9A-9777-C4396F895956}
	EndGlobalSection
EndGlobal
