<?xml version="1.0" encoding="utf-8"?>
<Project ToolsVersion="4.0" xmlns="http://schemas.microsoft.com/developer/msbuild/2003">
  <ItemGroup>
    <Filter Include="Source Files">
      <UniqueIdentifier>{2789e8f3-dd49-4201-84aa-cb6622081590}</UniqueIdentifier>
      <Extensions>cpp;c;cxx;rc;def;r;odl;idl;hpj;bat</Extensions>
    </Filter>
    <Filter Include="Header Files">
      <UniqueIdentifier>{cf41e6c1-3410-463e-b9be-e3dca26b38f8}</UniqueIdentifier>
      <Extensions>h;hpp;hxx;hm;inl</Extensions>
    </Filter>
    <Filter Include="Resource Files">
      <UniqueIdentifier>{aa74c3a2-d427-4ec1-8391-6d9761895f38}</UniqueIdentifier>
      <Extensions>ico;cur;bmp;dlg;rc2;rct;bin;rgs;gif;jpg;jpeg;jpe</Extensions>
    </Filter>
    <Filter Include="lib">
      <UniqueIdentifier>{6e2db93c-9e7a-476e-bcc9-43c5fafe7ef2}</UniqueIdentifier>
    </Filter>
    <Filter Include="lib\release">
      <UniqueIdentifier>{78fc7e26-21c4-4f03-9c72-fca64f97a293}</UniqueIdentifier>
    </Filter>
    <Filter Include="lib\debug">
      <UniqueIdentifier>{c83619a7-8bb1-4433-b768-b0437f957ff8}</UniqueIdentifier>
    </Filter>
  </ItemGroup>
  <ItemGroup>
    <ClCompile Include="Application.cpp">
      <Filter>Source Files</Filter>
    </ClCompile>
    <ClCompile Include="Bishop.cpp">
      <Filter>Source Files</Filter>
    </ClCompile>
    <ClCompile Include="..\Common\Event.cpp">
      <Filter>Source Files</Filter>
    </ClCompile>
    <ClCompile Include="GamePlayer.cpp">
      <Filter>Source Files</Filter>
    </ClCompile>
    <ClCompile Include="GameServer.cpp">
      <Filter>Source Files</Filter>
    </ClCompile>
    <ClCompile Include="Intercessor.cpp">
      <Filter>Source Files</Filter>
    </ClCompile>
    <ClCompile Include="Network.cpp">
      <Filter>Source Files</Filter>
    </ClCompile>
    <ClCompile Include="PlayerCreator.cpp">
      <Filter>Source Files</Filter>
    </ClCompile>
    <ClCompile Include="SmartClient.cpp">
      <Filter>Source Files</Filter>
    </ClCompile>
    <ClCompile Include="StdAfx.cpp">
      <Filter>Source Files</Filter>
    </ClCompile>
  </ItemGroup>
  <ItemGroup>
    <ClInclude Include="Application.h">
      <Filter>Header Files</Filter>
    </ClInclude>
    <ClInclude Include="GamePlayer.h">
      <Filter>Header Files</Filter>
    </ClInclude>
    <ClInclude Include="GameServer.h">
      <Filter>Header Files</Filter>
    </ClInclude>
    <ClInclude Include="ICommand.h">
      <Filter>Header Files</Filter>
    </ClInclude>
    <ClInclude Include="IGServer.h">
      <Filter>Header Files</Filter>
    </ClInclude>
    <ClInclude Include="Intercessor.h">
      <Filter>Header Files</Filter>
    </ClInclude>
    <ClInclude Include="IPlayer.h">
      <Filter>Header Files</Filter>
    </ClInclude>
    <ClInclude Include="msg_define.h">
      <Filter>Header Files</Filter>
    </ClInclude>
    <ClInclude Include="Network.h">
      <Filter>Header Files</Filter>
    </ClInclude>
    <ClInclude Include="PlayerCreator.h">
      <Filter>Header Files</Filter>
    </ClInclude>
    <ClInclude Include="SmartClient.h">
      <Filter>Header Files</Filter>
    </ClInclude>
    <ClInclude Include="StdAfx.h">
      <Filter>Header Files</Filter>
    </ClInclude>
    <ClInclude Include="resource.h">
      <Filter>Resource Files</Filter>
    </ClInclude>
  </ItemGroup>
  <ItemGroup>
    <ResourceCompile Include="Bishop.rc">
      <Filter>Resource Files</Filter>
    </ResourceCompile>
  </ItemGroup>
  <ItemGroup>
    <Image Include="res\lock.ico">
      <Filter>Resource Files</Filter>
    </Image>
  </ItemGroup>
  <ItemGroup>
    <Library Include="..\..\..\Lib\release\common.lib">
      <Filter>lib\release</Filter>
    </Library>
    <Library Include="..\..\..\Lib\release\engine.lib">
      <Filter>lib\release</Filter>
    </Library>
    <Library Include="..\..\..\Lib\debug\common.lib">
      <Filter>lib\debug</Filter>
    </Library>
    <Library Include="..\..\..\Lib\debug\engine.lib">
      <Filter>lib\debug</Filter>
    </Library>
  </ItemGroup>
  <ItemGroup>
    <Text Include="ReadMe.txt" />
  </ItemGroup>
</Project>