<?xml version="1.0" encoding="utf-8"?>
<Project ToolsVersion="4.0" xmlns="http://schemas.microsoft.com/developer/msbuild/2003">
  <ItemGroup>
    <Filter Include="Source Files">
      <UniqueIdentifier>{5ecaf56c-4470-46e3-9d5b-7946ba240875}</UniqueIdentifier>
      <Extensions>cpp;c;cxx;rc;def;r;odl;idl;hpj;bat</Extensions>
    </Filter>
    <Filter Include="Header Files">
      <UniqueIdentifier>{85c1655e-5177-487f-ae7b-a5f3b39a6dcb}</UniqueIdentifier>
      <Extensions>h;hpp;hxx;hm;inl</Extensions>
    </Filter>
    <Filter Include="Libs">
      <UniqueIdentifier>{59e4f029-6a5a-48e8-b4ed-368fce7e3745}</UniqueIdentifier>
      <Extensions>.lib</Extensions>
    </Filter>
    <Filter Include="Resource Files">
      <UniqueIdentifier>{08d6edb7-ee1b-49f7-92cf-22e59f2acd8d}</UniqueIdentifier>
      <Extensions>ico;cur;bmp;dlg;rc2;rct;bin;rgs;gif;jpg;jpeg;jpe</Extensions>
    </Filter>
  </ItemGroup>
  <ItemGroup>
    <ClCompile Include="KLAviFile.cpp">
      <Filter>Source Files</Filter>
    </ClCompile>
    <ClCompile Include="KLCFile.cpp">
      <Filter>Source Files</Filter>
    </ClCompile>
    <ClCompile Include="KLMp3Music.cpp">
      <Filter>Source Files</Filter>
    </ClCompile>
    <ClCompile Include="KLMp4Audio.cpp">
      <Filter>Source Files</Filter>
    </ClCompile>
    <ClCompile Include="KLMp4Video.cpp">
      <Filter>Source Files</Filter>
    </ClCompile>
    <ClCompile Include="KLMusic.cpp">
      <Filter>Source Files</Filter>
    </ClCompile>
    <ClCompile Include="KLThread.cpp">
      <Filter>Source Files</Filter>
    </ClCompile>
    <ClCompile Include="KLVideo.cpp">
      <Filter>Source Files</Filter>
    </ClCompile>
    <ClCompile Include="StdAfx.cpp">
      <Filter>Source Files</Filter>
    </ClCompile>
  </ItemGroup>
  <ItemGroup>
    <ClInclude Include="KLAviFile.h">
      <Filter>Header Files</Filter>
    </ClInclude>
    <ClInclude Include="KLMp3Music.h">
      <Filter>Header Files</Filter>
    </ClInclude>
    <ClInclude Include="KLMp4Audio.h">
      <Filter>Header Files</Filter>
    </ClInclude>
    <ClInclude Include="KLMp4Video.h">
      <Filter>Header Files</Filter>
    </ClInclude>
    <ClInclude Include="KLMusic.h">
      <Filter>Header Files</Filter>
    </ClInclude>
    <ClInclude Include="KLVideo.h">
      <Filter>Header Files</Filter>
    </ClInclude>
    <ClInclude Include="StdAfx.h">
      <Filter>Header Files</Filter>
    </ClInclude>
  </ItemGroup>
  <ItemGroup>
    <Library Include="..\..\Lib\decore.lib">
      <Filter>Libs</Filter>
    </Library>
    <Library Include="..\..\Lib\mp3lib.lib">
      <Filter>Libs</Filter>
    </Library>
  </ItemGroup>
  <ItemGroup>
    <Text Include="ReadMe.txt" />
  </ItemGroup>
</Project>